// !$*UTF8*$!
{
	archiveVersion = 1;
	classes = {
	};
	objectVersion = 50;
	objects = {

/* Begin PBXBuildFile section */
		C0A85DCC26D0D01000688280 /* AppDelegate.swift in Sources */ = {isa = PBXBuildFile; fileRef = C0A85DCB26D0D01000688280 /* AppDelegate.swift */; };
		C0A85DCE26D0D01000688280 /* SceneDelegate.swift in Sources */ = {isa = PBXBuildFile; fileRef = C0A85DCD26D0D01000688280 /* SceneDelegate.swift */; };
		C0A85DD026D0D01000688280 /* ViewController.swift in Sources */ = {isa = PBXBuildFile; fileRef = C0A85DCF26D0D01000688280 /* ViewController.swift */; };
		C0A85DD326D0D01000688280 /* Main.storyboard in Resources */ = {isa = PBXBuildFile; fileRef = C0A85DD126D0D01000688280 /* Main.storyboard */; };
		C0A85DD526D0D01000688280 /* Assets.xcassets in Resources */ = {isa = PBXBuildFile; fileRef = C0A85DD426D0D01000688280 /* Assets.xcassets */; };
		C0A85DD826D0D01000688280 /* LaunchScreen.storyboard in Resources */ = {isa = PBXBuildFile; fileRef = C0A85DD626D0D01000688280 /* LaunchScreen.storyboard */; };
		C0A85DE326D0D01100688280 /* PhotosExampleTests.swift in Sources */ = {isa = PBXBuildFile; fileRef = C0A85DE226D0D01100688280 /* PhotosExampleTests.swift */; };
		C0A85DEE26D0D01100688280 /* PhotosExampleUITests.swift in Sources */ = {isa = PBXBuildFile; fileRef = C0A85DED26D0D01100688280 /* PhotosExampleUITests.swift */; };
		C0A85E3826D3C9D500688280 /* ImageZoomViewController.swift in Sources */ = {isa = PBXBuildFile; fileRef = C0A85E3726D3C9D500688280 /* ImageZoomViewController.swift */; };
/* End PBXBuildFile section */

/* Begin PBXContainerItemProxy section */
		C0A85DDF26D0D01100688280 /* PBXContainerItemProxy */ = {
			isa = PBXContainerItemProxy;
			containerPortal = C0A85DC026D0D01000688280 /* Project object */;
			proxyType = 1;
			remoteGlobalIDString = C0A85DC726D0D01000688280;
			remoteInfo = PhotosExample;
		};
		C0A85DEA26D0D01100688280 /* PBXContainerItemProxy */ = {
			isa = PBXContainerItemProxy;
			containerPortal = C0A85DC026D0D01000688280 /* Project object */;
			proxyType = 1;
			remoteGlobalIDString = C0A85DC726D0D01000688280;
			remoteInfo = PhotosExample;
		};
/* End PBXContainerItemProxy section */

/* Begin PBXFileReference section */
		C0A85DC826D0D01000688280 /* PhotosExample.app */ = {isa = PBXFileReference; explicitFileType = wrapper.application; includeInIndex = 0; path = PhotosExample.app; sourceTree = BUILT_PRODUCTS_DIR; };
		C0A85DCB26D0D01000688280 /* AppDelegate.swift */ = {isa = PBXFileReference; lastKnownFileType = sourcecode.swift; path = AppDelegate.swift; sourceTree = "<group>"; };
		C0A85DCD26D0D01000688280 /* SceneDelegate.swift */ = {isa = PBXFileReference; lastKnownFileType = sourcecode.swift; path = SceneDelegate.swift; sourceTree = "<group>"; };
		C0A85DCF26D0D01000688280 /* ViewController.swift */ = {isa = PBXFileReference; lastKnownFileType = sourcecode.swift; path = ViewController.swift; sourceTree = "<group>"; };
		C0A85DD226D0D01000688280 /* Base */ = {isa = PBXFileReference; lastKnownFileType = file.storyboard; name = Base; path = Base.lproj/Main.storyboard; sourceTree = "<group>"; };
		C0A85DD426D0D01000688280 /* Assets.xcassets */ = {isa = PBXFileReference; lastKnownFileType = folder.assetcatalog; path = Assets.xcassets; sourceTree = "<group>"; };
		C0A85DD726D0D01000688280 /* Base */ = {isa = PBXFileReference; lastKnownFileType = file.storyboard; name = Base; path = Base.lproj/LaunchScreen.storyboard; sourceTree = "<group>"; };
		C0A85DD926D0D01100688280 /* Info.plist */ = {isa = PBXFileReference; lastKnownFileType = text.plist.xml; path = Info.plist; sourceTree = "<group>"; };
		C0A85DDE26D0D01100688280 /* PhotosExampleTests.xctest */ = {isa = PBXFileReference; explicitFileType = wrapper.cfbundle; includeInIndex = 0; path = PhotosExampleTests.xctest; sourceTree = BUILT_PRODUCTS_DIR; };
		C0A85DE226D0D01100688280 /* PhotosExampleTests.swift */ = {isa = PBXFileReference; lastKnownFileType = sourcecode.swift; path = PhotosExampleTests.swift; sourceTree = "<group>"; };
		C0A85DE426D0D01100688280 /* Info.plist */ = {isa = PBXFileReference; lastKnownFileType = text.plist.xml; path = Info.plist; sourceTree = "<group>"; };
		C0A85DE926D0D01100688280 /* PhotosExampleUITests.xctest */ = {isa = PBXFileReference; explicitFileType = wrapper.cfbundle; includeInIndex = 0; path = PhotosExampleUITests.xctest; sourceTree = BUILT_PRODUCTS_DIR; };
		C0A85DED26D0D01100688280 /* PhotosExampleUITests.swift */ = {isa = PBXFileReference; lastKnownFileType = sourcecode.swift; path = PhotosExampleUITests.swift; sourceTree = "<group>"; };
		C0A85DEF26D0D01100688280 /* Info.plist */ = {isa = PBXFileReference; lastKnownFileType = text.plist.xml; path = Info.plist; sourceTree = "<group>"; };
		C0A85E3726D3C9D500688280 /* ImageZoomViewController.swift */ = {isa = PBXFileReference; lastKnownFileType = sourcecode.swift; path = ImageZoomViewController.swift; sourceTree = "<group>"; };
/* End PBXFileReference section */

/* Begin PBXFrameworksBuildPhase section */
		C0A85DC526D0D01000688280 /* Frameworks */ = {
			isa = PBXFrameworksBuildPhase;
			buildActionMask = 2147483647;
			files = (
			);
			runOnlyForDeploymentPostprocessing = 0;
		};
		C0A85DDB26D0D01100688280 /* Frameworks */ = {
			isa = PBXFrameworksBuildPhase;
			buildActionMask = 2147483647;
			files = (
			);
			runOnlyForDeploymentPostprocessing = 0;
		};
		C0A85DE626D0D01100688280 /* Frameworks */ = {
			isa = PBXFrameworksBuildPhase;
			buildActionMask = 2147483647;
			files = (
			);
			runOnlyForDeploymentPostprocessing = 0;
		};
/* End PBXFrameworksBuildPhase section */

/* Begin PBXGroup section */
		C0A85DBF26D0D01000688280 = {
			isa = PBXGroup;
			children = (
				C0A85E3726D3C9D500688280 /* ImageZoomViewController.swift */,
				C0A85DCA26D0D01000688280 /* PhotosExample */,
				C0A85DE126D0D01100688280 /* PhotosExampleTests */,
				C0A85DEC26D0D01100688280 /* PhotosExampleUITests */,
				C0A85DC926D0D01000688280 /* Products */,
			);
			sourceTree = "<group>";
		};
		C0A85DC926D0D01000688280 /* Products */ = {
			isa = PBXGroup;
			children = (
				C0A85DC826D0D01000688280 /* PhotosExample.app */,
				C0A85DDE26D0D01100688280 /* PhotosExampleTests.xctest */,
				C0A85DE926D0D01100688280 /* PhotosExampleUITests.xctest */,
			);
			name = Products;
			sourceTree = "<group>";
		};
		C0A85DCA26D0D01000688280 /* PhotosExample */ = {
			isa = PBXGroup;
			children = (
				C0A85DCB26D0D01000688280 /* AppDelegate.swift */,
				C0A85DCD26D0D01000688280 /* SceneDelegate.swift */,
				C0A85DCF26D0D01000688280 /* ViewController.swift */,
				C0A85DD126D0D01000688280 /* Main.storyboard */,
				C0A85DD426D0D01000688280 /* Assets.xcassets */,
				C0A85DD626D0D01000688280 /* LaunchScreen.storyboard */,
				C0A85DD926D0D01100688280 /* Info.plist */,
			);
			path = PhotosExample;
			sourceTree = "<group>";
		};
		C0A85DE126D0D01100688280 /* PhotosExampleTests */ = {
			isa = PBXGroup;
			children = (
				C0A85DE226D0D01100688280 /* PhotosExampleTests.swift */,
				C0A85DE426D0D01100688280 /* Info.plist */,
			);
			path = PhotosExampleTests;
			sourceTree = "<group>";
		};
		C0A85DEC26D0D01100688280 /* PhotosExampleUITests */ = {
			isa = PBXGroup;
			children = (
				C0A85DED26D0D01100688280 /* PhotosExampleUITests.swift */,
				C0A85DEF26D0D01100688280 /* Info.plist */,
			);
			path = PhotosExampleUITests;
			sourceTree = "<group>";
		};
/* End PBXGroup section */

/* Begin PBXNativeTarget section */
		C0A85DC726D0D01000688280 /* PhotosExample */ = {
			isa = PBXNativeTarget;
			buildConfigurationList = C0A85DF226D0D01100688280 /* Build configuration list for PBXNativeTarget "PhotosExample" */;
			buildPhases = (
				C0A85DC426D0D01000688280 /* Sources */,
				C0A85DC526D0D01000688280 /* Frameworks */,
				C0A85DC626D0D01000688280 /* Resources */,
			);
			buildRules = (
			);
			dependencies = (
			);
			name = PhotosExample;
			productName = PhotosExample;
			productReference = C0A85DC826D0D01000688280 /* PhotosExample.app */;
			productType = "com.apple.product-type.application";
		};
		C0A85DDD26D0D01100688280 /* PhotosExampleTests */ = {
			isa = PBXNativeTarget;
			buildConfigurationList = C0A85DF526D0D01100688280 /* Build configuration list for PBXNativeTarget "PhotosExampleTests" */;
			buildPhases = (
				C0A85DDA26D0D01100688280 /* Sources */,
				C0A85DDB26D0D01100688280 /* Frameworks */,
				C0A85DDC26D0D01100688280 /* Resources */,
			);
			buildRules = (
			);
			dependencies = (
				C0A85DE026D0D01100688280 /* PBXTargetDependency */,
			);
			name = PhotosExampleTests;
			productName = PhotosExampleTests;
			productReference = C0A85DDE26D0D01100688280 /* PhotosExampleTests.xctest */;
			productType = "com.apple.product-type.bundle.unit-test";
		};
		C0A85DE826D0D01100688280 /* PhotosExampleUITests */ = {
			isa = PBXNativeTarget;
			buildConfigurationList = C0A85DF826D0D01100688280 /* Build configuration list for PBXNativeTarget "PhotosExampleUITests" */;
			buildPhases = (
				C0A85DE526D0D01100688280 /* Sources */,
				C0A85DE626D0D01100688280 /* Frameworks */,
				C0A85DE726D0D01100688280 /* Resources */,
			);
			buildRules = (
			);
			dependencies = (
				C0A85DEB26D0D01100688280 /* PBXTargetDependency */,
			);
			name = PhotosExampleUITests;
			productName = PhotosExampleUITests;
			productReference = C0A85DE926D0D01100688280 /* PhotosExampleUITests.xctest */;
			productType = "com.apple.product-type.bundle.ui-testing";
		};
/* End PBXNativeTarget section */

/* Begin PBXProject section */
		C0A85DC026D0D01000688280 /* Project object */ = {
			isa = PBXProject;
			attributes = {
				LastSwiftUpdateCheck = 1250;
				LastUpgradeCheck = 1250;
				TargetAttributes = {
					C0A85DC726D0D01000688280 = {
						CreatedOnToolsVersion = 12.5.1;
					};
					C0A85DDD26D0D01100688280 = {
						CreatedOnToolsVersion = 12.5.1;
						TestTargetID = C0A85DC726D0D01000688280;
					};
					C0A85DE826D0D01100688280 = {
						CreatedOnToolsVersion = 12.5.1;
						TestTargetID = C0A85DC726D0D01000688280;
					};
				};
			};
			buildConfigurationList = C0A85DC326D0D01000688280 /* Build configuration list for PBXProject "PhotosExample" */;
			compatibilityVersion = "Xcode 9.3";
			developmentRegion = en;
			hasScannedForEncodings = 0;
			knownRegions = (
				en,
				Base,
			);
			mainGroup = C0A85DBF26D0D01000688280;
			productRefGroup = C0A85DC926D0D01000688280 /* Products */;
			projectDirPath = "";
			projectRoot = "";
			targets = (
				C0A85DC726D0D01000688280 /* PhotosExample */,
				C0A85DDD26D0D01100688280 /* PhotosExampleTests */,
				C0A85DE826D0D01100688280 /* PhotosExampleUITests */,
			);
		};
/* End PBXProject section */

/* Begin PBXResourcesBuildPhase section */
		C0A85DC626D0D01000688280 /* Resources */ = {
			isa = PBXResourcesBuildPhase;
			buildActionMask = 2147483647;
			files = (
				C0A85DD826D0D01000688280 /* LaunchScreen.storyboard in Resources */,
				C0A85DD526D0D01000688280 /* Assets.xcassets in Resources */,
				C0A85DD326D0D01000688280 /* Main.storyboard in Resources */,
			);
			runOnlyForDeploymentPostprocessing = 0;
		};
		C0A85DDC26D0D01100688280 /* Resources */ = {
			isa = PBXResourcesBuildPhase;
			buildActionMask = 2147483647;
			files = (
			);
			runOnlyForDeploymentPostprocessing = 0;
		};
		C0A85DE726D0D01100688280 /* Resources */ = {
			isa = PBXResourcesBuildPhase;
			buildActionMask = 2147483647;
			files = (
			);
			runOnlyForDeploymentPostprocessing = 0;
		};
/* End PBXResourcesBuildPhase section */

/* Begin PBXSourcesBuildPhase section */
		C0A85DC426D0D01000688280 /* Sources */ = {
			isa = PBXSourcesBuildPhase;
			buildActionMask = 2147483647;
			files = (
				C0A85E3826D3C9D500688280 /* ImageZoomViewController.swift in Sources */,
				C0A85DD026D0D01000688280 /* ViewController.swift in Sources */,
				C0A85DCC26D0D01000688280 /* AppDelegate.swift in Sources */,
				C0A85DCE26D0D01000688280 /* SceneDelegate.swift in Sources */,
			);
			runOnlyForDeploymentPostprocessing = 0;
		};
		C0A85DDA26D0D01100688280 /* Sources */ = {
			isa = PBXSourcesBuildPhase;
			buildActionMask = 2147483647;
			files = (
				C0A85DE326D0D01100688280 /* PhotosExampleTests.swift in Sources */,
			);
			runOnlyForDeploymentPostprocessing = 0;
		};
		C0A85DE526D0D01100688280 /* Sources */ = {
			isa = PBXSourcesBuildPhase;
			buildActionMask = 2147483647;
			files = (
				C0A85DEE26D0D01100688280 /* PhotosExampleUITests.swift in Sources */,
			);
			runOnlyForDeploymentPostprocessing = 0;
		};
/* End PBXSourcesBuildPhase section */

/* Begin PBXTargetDependency section */
		C0A85DE026D0D01100688280 /* PBXTargetDependency */ = {
			isa = PBXTargetDependency;
			target = C0A85DC726D0D01000688280 /* PhotosExample */;
			targetProxy = C0A85DDF26D0D01100688280 /* PBXContainerItemProxy */;
		};
		C0A85DEB26D0D01100688280 /* PBXTargetDependency */ = {
			isa = PBXTargetDependency;
			target = C0A85DC726D0D01000688280 /* PhotosExample */;
			targetProxy = C0A85DEA26D0D01100688280 /* PBXContainerItemProxy */;
		};
/* End PBXTargetDependency section */

/* Begin PBXVariantGroup section */
		C0A85DD126D0D01000688280 /* Main.storyboard */ = {
			isa = PBXVariantGroup;
			children = (
				C0A85DD226D0D01000688280 /* Base */,
			);
			name = Main.storyboard;
			sourceTree = "<group>";
		};
		C0A85DD626D0D01000688280 /* LaunchScreen.storyboard */ = {
			isa = PBXVariantGroup;
			children = (
				C0A85DD726D0D01000688280 /* Base */,
			);
			name = LaunchScreen.storyboard;
			sourceTree = "<group>";
		};
/* End PBXVariantGroup section */

/* Begin XCBuildConfiguration section */
		C0A85DF026D0D01100688280 /* Debug */ = {
			isa = XCBuildConfiguration;
			buildSettings = {
				ALWAYS_SEARCH_USER_PATHS = NO;
				CLANG_ANALYZER_NONNULL = YES;
				CLANG_ANALYZER_NUMBER_OBJECT_CONVERSION = YES_AGGRESSIVE;
				CLANG_CXX_LANGUAGE_STANDARD = "gnu++14";
				CLANG_CXX_LIBRARY = "libc++";
				CLANG_ENABLE_MODULES = YES;
				CLANG_ENABLE_OBJC_ARC = YES;
				CLANG_ENABLE_OBJC_WEAK = YES;
				CLANG_WARN_BLOCK_CAPTURE_AUTORELEASING = YES;
				CLANG_WARN_BOOL_CONVERSION = YES;
				CLANG_WARN_COMMA = YES;
				CLANG_WARN_CONSTANT_CONVERSION = YES;
				CLANG_WARN_DEPRECATED_OBJC_IMPLEMENTATIONS = YES;
				CLANG_WARN_DIRECT_OBJC_ISA_USAGE = YES_ERROR;
				CLANG_WARN_DOCUMENTATION_COMMENTS = YES;
				CLANG_WARN_EMPTY_BODY = YES;
				CLANG_WARN_ENUM_CONVERSION = YES;
				CLANG_WARN_INFINITE_RECURSION = YES;
				CLANG_WARN_INT_CONVERSION = YES;
				CLANG_WARN_NON_LITERAL_NULL_CONVERSION = YES;
				CLANG_WARN_OBJC_IMPLICIT_RETAIN_SELF = YES;
				CLANG_WARN_OBJC_LITERAL_CONVERSION = YES;
				CLANG_WARN_OBJC_ROOT_CLASS = YES_ERROR;
				CLANG_WARN_QUOTED_INCLUDE_IN_FRAMEWORK_HEADER = YES;
				CLANG_WARN_RANGE_LOOP_ANALYSIS = YES;
				CLANG_WARN_STRICT_PROTOTYPES = YES;
				CLANG_WARN_SUSPICIOUS_MOVE = YES;
				CLANG_WARN_UNGUARDED_AVAILABILITY = YES_AGGRESSIVE;
				CLANG_WARN_UNREACHABLE_CODE = YES;
				CLANG_WARN__DUPLICATE_METHOD_MATCH = YES;
				COPY_PHASE_STRIP = NO;
				DEBUG_INFORMATION_FORMAT = dwarf;
				ENABLE_STRICT_OBJC_MSGSEND = YES;
				ENABLE_TESTABILITY = YES;
				GCC_C_LANGUAGE_STANDARD = gnu11;
				GCC_DYNAMIC_NO_PIC = NO;
				GCC_NO_COMMON_BLOCKS = YES;
				GCC_OPTIMIZATION_LEVEL = 0;
				GCC_PREPROCESSOR_DEFINITIONS = (
					"DEBUG=1",
					"$(inherited)",
				);
				GCC_WARN_64_TO_32_BIT_CONVERSION = YES;
				GCC_WARN_ABOUT_RETURN_TYPE = YES_ERROR;
				GCC_WARN_UNDECLARED_SELECTOR = YES;
				GCC_WARN_UNINITIALIZED_AUTOS = YES_AGGRESSIVE;
				GCC_WARN_UNUSED_FUNCTION = YES;
				GCC_WARN_UNUSED_VARIABLE = YES;
				IPHONEOS_DEPLOYMENT_TARGET = 14.5;
				MTL_ENABLE_DEBUG_INFO = INCLUDE_SOURCE;
				MTL_FAST_MATH = YES;
				ONLY_ACTIVE_ARCH = YES;
				SDKROOT = iphoneos;
				SWIFT_ACTIVE_COMPILATION_CONDITIONS = DEBUG;
				SWIFT_OPTIMIZATION_LEVEL = "-Onone";
			};
			name = Debug;
		};
		C0A85DF126D0D01100688280 /* Release */ = {
			isa = XCBuildConfiguration;
			buildSettings = {
				ALWAYS_SEARCH_USER_PATHS = NO;
				CLANG_ANALYZER_NONNULL = YES;
				CLANG_ANALYZER_NUMBER_OBJECT_CONVERSION = YES_AGGRESSIVE;
				CLANG_CXX_LANGUAGE_STANDARD = "gnu++14";
				CLANG_CXX_LIBRARY = "libc++";
				CLANG_ENABLE_MODULES = YES;
				CLANG_ENABLE_OBJC_ARC = YES;
				CLANG_ENABLE_OBJC_WEAK = YES;
				CLANG_WARN_BLOCK_CAPTURE_AUTORELEASING = YES;
				CLANG_WARN_BOOL_CONVERSION = YES;
				CLANG_WARN_COMMA = YES;
				CLANG_WARN_CONSTANT_CONVERSION = YES;
				CLANG_WARN_DEPRECATED_OBJC_IMPLEMENTATIONS = YES;
				CLANG_WARN_DIRECT_OBJC_ISA_USAGE = YES_ERROR;
				CLANG_WARN_DOCUMENTATION_COMMENTS = YES;
				CLANG_WARN_EMPTY_BODY = YES;
				CLANG_WARN_ENUM_CONVERSION = YES;
				CLANG_WARN_INFINITE_RECURSION = YES;
				CLANG_WARN_INT_CONVERSION = YES;
				CLANG_WARN_NON_LITERAL_NULL_CONVERSION = YES;
				CLANG_WARN_OBJC_IMPLICIT_RETAIN_SELF = YES;
				CLANG_WARN_OBJC_LITERAL_CONVERSION = YES;
				CLANG_WARN_OBJC_ROOT_CLASS = YES_ERROR;
				CLANG_WARN_QUOTED_INCLUDE_IN_FRAMEWORK_HEADER = YES;
				CLANG_WARN_RANGE_LOOP_ANALYSIS = YES;
				CLANG_WARN_STRICT_PROTOTYPES = YES;
				CLANG_WARN_SUSPICIOUS_MOVE = YES;
				CLANG_WARN_UNGUARDED_AVAILABILITY = YES_AGGRESSIVE;
				CLANG_WARN_UNREACHABLE_CODE = YES;
				CLANG_WARN__DUPLICATE_METHOD_MATCH = YES;
				COPY_PHASE_STRIP = NO;
				DEBUG_INFORMATION_FORMAT = "dwarf-with-dsym";
				ENABLE_NS_ASSERTIONS = NO;
				ENABLE_STRICT_OBJC_MSGSEND = YES;
				GCC_C_LANGUAGE_STANDARD = gnu11;
				GCC_NO_COMMON_BLOCKS = YES;
				GCC_WARN_64_TO_32_BIT_CONVERSION = YES;
				GCC_WARN_ABOUT_RETURN_TYPE = YES_ERROR;
				GCC_WARN_UNDECLARED_SELECTOR = YES;
				GCC_WARN_UNINITIALIZED_AUTOS = YES_AGGRESSIVE;
				GCC_WARN_UNUSED_FUNCTION = YES;
				GCC_WARN_UNUSED_VARIABLE = YES;
				IPHONEOS_DEPLOYMENT_TARGET = 14.5;
				MTL_ENABLE_DEBUG_INFO = NO;
				MTL_FAST_MATH = YES;
				SDKROOT = iphoneos;
				SWIFT_COMPILATION_MODE = wholemodule;
				SWIFT_OPTIMIZATION_LEVEL = "-O";
				VALIDATE_PRODUCT = YES;
			};
			name = Release;
		};
		C0A85DF326D0D01100688280 /* Debug */ = {
			isa = XCBuildConfiguration;
			buildSettings = {
				ASSETCATALOG_COMPILER_APPICON_NAME = AppIcon;
				ASSETCATALOG_COMPILER_GLOBAL_ACCENT_COLOR_NAME = AccentColor;
				CODE_SIGN_STYLE = Automatic;
				INFOPLIST_FILE = PhotosExample/Info.plist;
				LD_RUNPATH_SEARCH_PATHS = (
					"$(inherited)",
					"@executable_path/Frameworks",
				);
				PRODUCT_BUNDLE_IDENTIFIER = siun.PhotosExample;
				PRODUCT_NAME = "$(TARGET_NAME)";
				SWIFT_VERSION = 5.0;
				TARGETED_DEVICE_FAMILY = "1,2";
			};
			name = Debug;
		};
		C0A85DF426D0D01100688280 /* Release */ = {
			isa = XCBuildConfiguration;
			buildSettings = {
				ASSETCATALOG_COMPILER_APPICON_NAME = AppIcon;
				ASSETCATALOG_COMPILER_GLOBAL_ACCENT_COLOR_NAME = AccentColor;
				CODE_SIGN_STYLE = Automatic;
				INFOPLIST_FILE = PhotosExample/Info.plist;
				LD_RUNPATH_SEARCH_PATHS = (
					"$(inherited)",
					"@executable_path/Frameworks",
				);
				PRODUCT_BUNDLE_IDENTIFIER = siun.PhotosExample;
				PRODUCT_NAME = "$(TARGET_NAME)";
				SWIFT_VERSION = 5.0;
				TARGETED_DEVICE_FAMILY = "1,2";
			};
			name = Release;
		};
		C0A85DF626D0D01100688280 /* Debug */ = {
			isa = XCBuildConfiguration;
			buildSettings = {
				ALWAYS_EMBED_SWIFT_STANDARD_LIBRARIES = YES;
				BUNDLE_LOADER = "$(TEST_HOST)";
				CODE_SIGN_STYLE = Automatic;
				INFOPLIST_FILE = PhotosExampleTests/Info.plist;
				IPHONEOS_DEPLOYMENT_TARGET = 14.5;
				LD_RUNPATH_SEARCH_PATHS = (
					"$(inherited)",
					"@executable_path/Frameworks",
					"@loader_path/Frameworks",
				);
				PRODUCT_BUNDLE_IDENTIFIER = siun.PhotosExampleTests;
				PRODUCT_NAME = "$(TARGET_NAME)";
				SWIFT_VERSION = 5.0;
				TARGETED_DEVICE_FAMILY = "1,2";
				TEST_HOST = "$(BUILT_PRODUCTS_DIR)/PhotosExample.app/PhotosExample";
			};
			name = Debug;
		};
		C0A85DF726D0D01100688280 /* Release */ = {
			isa = XCBuildConfiguration;
			buildSettings = {
				ALWAYS_EMBED_SWIFT_STANDARD_LIBRARIES = YES;
				BUNDLE_LOADER = "$(TEST_HOST)";
				CODE_SIGN_STYLE = Automatic;
				INFOPLIST_FILE = PhotosExampleTests/Info.plist;
				IPHONEOS_DEPLOYMENT_TARGET = 14.5;
				LD_RUNPATH_SEARCH_PATHS = (
					"$(inherited)",
					"@executable_path/Frameworks",
					"@loader_path/Frameworks",
				);
				PRODUCT_BUNDLE_IDENTIFIER = siun.PhotosExampleTests;
				PRODUCT_NAME = "$(TARGET_NAME)";
				SWIFT_VERSION = 5.0;
				TARGETED_DEVICE_FAMILY = "1,2";
				TEST_HOST = "$(BUILT_PRODUCTS_DIR)/PhotosExample.app/PhotosExample";
			};
			name = Release;
		};
		C0A85DF926D0D01100688280 /* Debug */ = {
			isa = XCBuildConfiguration;
			buildSettings = {
				ALWAYS_EMBED_SWIFT_STANDARD_LIBRARIES = YES;
				CODE_SIGN_STYLE = Automatic;
				INFOPLIST_FILE = PhotosExampleUITests/Info.plist;
				LD_RUNPATH_SEARCH_PATHS = (
					"$(inherited)",
					"@executable_path/Frameworks",
					"@loader_path/Frameworks",
				);
				PRODUCT_BUNDLE_IDENTIFIER = siun.PhotosExampleUITests;
				PRODUCT_NAME = "$(TARGET_NAME)";
				SWIFT_VERSION = 5.0;
				TARGETED_DEVICE_FAMILY = "1,2";
				TEST_TARGET_NAME = PhotosExample;
			};
			name = Debug;
		};
		C0A85DFA26D0D01100688280 /* Release */ = {
			isa = XCBuildConfiguration;
			buildSettings = {
				ALWAYS_EMBED_SWIFT_STANDARD_LIBRARIES = YES;
				CODE_SIGN_STYLE = Automatic;
				INFOPLIST_FILE = PhotosExampleUITests/Info.plist;
				LD_RUNPATH_SEARCH_PATHS = (
					"$(inherited)",
					"@executable_path/Frameworks",
					"@loader_path/Frameworks",
				);
				PRODUCT_BUNDLE_IDENTIFIER = siun.PhotosExampleUITests;
				PRODUCT_NAME = "$(TARGET_NAME)";
				SWIFT_VERSION = 5.0;
				TARGETED_DEVICE_FAMILY = "1,2";
				TEST_TARGET_NAME = PhotosExample;
			};
			name = Release;
		};
/* End XCBuildConfiguration section */

/* Begin XCConfigurationList section */
		C0A85DC326D0D01000688280 /* Build configuration list for PBXProject "PhotosExample" */ = {
			isa = XCConfigurationList;
			buildConfigurations = (
				C0A85DF026D0D01100688280 /* Debug */,
				C0A85DF126D0D01100688280 /* Release */,
			);
			defaultConfigurationIsVisible = 0;
			defaultConfigurationName = Release;
		};
		C0A85DF226D0D01100688280 /* Build configuration list for PBXNativeTarget "PhotosExample" */ = {
			isa = XCConfigurationList;
			buildConfigurations = (
				C0A85DF326D0D01100688280 /* Debug */,
				C0A85DF426D0D01100688280 /* Release */,
			);
			defaultConfigurationIsVisible = 0;
			defaultConfigurationName = Release;
		};
		C0A85DF526D0D01100688280 /* Build configuration list for PBXNativeTarget "PhotosExampleTests" */ = {
			isa = XCConfigurationList;
			buildConfigurations = (
				C0A85DF626D0D01100688280 /* Debug */,
				C0A85DF726D0D01100688280 /* Release */,
			);
			defaultConfigurationIsVisible = 0;
			defaultConfigurationName = Release;
		};
		C0A85DF826D0D01100688280 /* Build configuration list for PBXNativeTarget "PhotosExampleUITests" */ = {
			isa = XCConfigurationList;
			buildConfigurations = (
				C0A85DF926D0D01100688280 /* Debug */,
				C0A85DFA26D0D01100688280 /* Release */,
			);
			defaultConfigurationIsVisible = 0;
			defaultConfigurationName = Release;
		};
/* End XCConfigurationList section */
	};
	rootObject = C0A85DC026D0D01000688280 /* Project object */;
}
