// !$*UTF8*$!
{
	archiveVersion = 1;
	classes = {
	};
	objectVersion = 50;
	objects = {

/* Begin PBXBuildFile section */
		C0A85F3C26DA67B800688280 /* AppDelegate.swift in Sources */ = {isa = PBXBuildFile; fileRef = C0A85F3B26DA67B800688280 /* AppDelegate.swift */; };
		C0A85F3E26DA67B800688280 /* SceneDelegate.swift in Sources */ = {isa = PBXBuildFile; fileRef = C0A85F3D26DA67B800688280 /* SceneDelegate.swift */; };
		C0A85F4026DA67B800688280 /* ViewController.swift in Sources */ = {isa = PBXBuildFile; fileRef = C0A85F3F26DA67B800688280 /* ViewController.swift */; };
		C0A85F4326DA67B800688280 /* Main.storyboard in Resources */ = {isa = PBXBuildFile; fileRef = C0A85F4126DA67B800688280 /* Main.storyboard */; };
		C0A85F4526DA67B900688280 /* Assets.xcassets in Resources */ = {isa = PBXBuildFile; fileRef = C0A85F4426DA67B900688280 /* Assets.xcassets */; };
		C0A85F4826DA67B900688280 /* LaunchScreen.storyboard in Resources */ = {isa = PBXBuildFile; fileRef = C0A85F4626DA67B900688280 /* LaunchScreen.storyboard */; };
		C0A85F5326DA67B900688280 /* NetworkingTests.swift in Sources */ = {isa = PBXBuildFile; fileRef = C0A85F5226DA67B900688280 /* NetworkingTests.swift */; };
		C0A85F5E26DA67B900688280 /* NetworkingUITests.swift in Sources */ = {isa = PBXBuildFile; fileRef = C0A85F5D26DA67B900688280 /* NetworkingUITests.swift */; };
		C0A85F6C26DA688000688280 /* Model.swift in Sources */ = {isa = PBXBuildFile; fileRef = C0A85F6B26DA688000688280 /* Model.swift */; };
/* End PBXBuildFile section */

/* Begin PBXContainerItemProxy section */
		C0A85F4F26DA67B900688280 /* PBXContainerItemProxy */ = {
			isa = PBXContainerItemProxy;
			containerPortal = C0A85F3026DA67B800688280 /* Project object */;
			proxyType = 1;
			remoteGlobalIDString = C0A85F3726DA67B800688280;
			remoteInfo = Networking;
		};
		C0A85F5A26DA67B900688280 /* PBXContainerItemProxy */ = {
			isa = PBXContainerItemProxy;
			containerPortal = C0A85F3026DA67B800688280 /* Project object */;
			proxyType = 1;
			remoteGlobalIDString = C0A85F3726DA67B800688280;
			remoteInfo = Networking;
		};
/* End PBXContainerItemProxy section */

/* Begin PBXFileReference section */
		C0A85F3826DA67B800688280 /* Networking.app */ = {isa = PBXFileReference; explicitFileType = wrapper.application; includeInIndex = 0; path = Networking.app; sourceTree = BUILT_PRODUCTS_DIR; };
		C0A85F3B26DA67B800688280 /* AppDelegate.swift */ = {isa = PBXFileReference; lastKnownFileType = sourcecode.swift; path = AppDelegate.swift; sourceTree = "<group>"; };
		C0A85F3D26DA67B800688280 /* SceneDelegate.swift */ = {isa = PBXFileReference; lastKnownFileType = sourcecode.swift; path = SceneDelegate.swift; sourceTree = "<group>"; };
		C0A85F3F26DA67B800688280 /* ViewController.swift */ = {isa = PBXFileReference; lastKnownFileType = sourcecode.swift; path = ViewController.swift; sourceTree = "<group>"; };
		C0A85F4226DA67B800688280 /* Base */ = {isa = PBXFileReference; lastKnownFileType = file.storyboard; name = Base; path = Base.lproj/Main.storyboard; sourceTree = "<group>"; };
		C0A85F4426DA67B900688280 /* Assets.xcassets */ = {isa = PBXFileReference; lastKnownFileType = folder.assetcatalog; path = Assets.xcassets; sourceTree = "<group>"; };
		C0A85F4726DA67B900688280 /* Base */ = {isa = PBXFileReference; lastKnownFileType = file.storyboard; name = Base; path = Base.lproj/LaunchScreen.storyboard; sourceTree = "<group>"; };
		C0A85F4926DA67B900688280 /* Info.plist */ = {isa = PBXFileReference; lastKnownFileType = text.plist.xml; path = Info.plist; sourceTree = "<group>"; };
		C0A85F4E26DA67B900688280 /* NetworkingTests.xctest */ = {isa = PBXFileReference; explicitFileType = wrapper.cfbundle; includeInIndex = 0; path = NetworkingTests.xctest; sourceTree = BUILT_PRODUCTS_DIR; };
		C0A85F5226DA67B900688280 /* NetworkingTests.swift */ = {isa = PBXFileReference; lastKnownFileType = sourcecode.swift; path = NetworkingTests.swift; sourceTree = "<group>"; };
		C0A85F5426DA67B900688280 /* Info.plist */ = {isa = PBXFileReference; lastKnownFileType = text.plist.xml; path = Info.plist; sourceTree = "<group>"; };
		C0A85F5926DA67B900688280 /* NetworkingUITests.xctest */ = {isa = PBXFileReference; explicitFileType = wrapper.cfbundle; includeInIndex = 0; path = NetworkingUITests.xctest; sourceTree = BUILT_PRODUCTS_DIR; };
		C0A85F5D26DA67B900688280 /* NetworkingUITests.swift */ = {isa = PBXFileReference; lastKnownFileType = sourcecode.swift; path = NetworkingUITests.swift; sourceTree = "<group>"; };
		C0A85F5F26DA67B900688280 /* Info.plist */ = {isa = PBXFileReference; lastKnownFileType = text.plist.xml; path = Info.plist; sourceTree = "<group>"; };
		C0A85F6B26DA688000688280 /* Model.swift */ = {isa = PBXFileReference; lastKnownFileType = sourcecode.swift; path = Model.swift; sourceTree = "<group>"; };
/* End PBXFileReference section */

/* Begin PBXFrameworksBuildPhase section */
		C0A85F3526DA67B800688280 /* Frameworks */ = {
			isa = PBXFrameworksBuildPhase;
			buildActionMask = 2147483647;
			files = (
			);
			runOnlyForDeploymentPostprocessing = 0;
		};
		C0A85F4B26DA67B900688280 /* Frameworks */ = {
			isa = PBXFrameworksBuildPhase;
			buildActionMask = 2147483647;
			files = (
			);
			runOnlyForDeploymentPostprocessing = 0;
		};
		C0A85F5626DA67B900688280 /* Frameworks */ = {
			isa = PBXFrameworksBuildPhase;
			buildActionMask = 2147483647;
			files = (
			);
			runOnlyForDeploymentPostprocessing = 0;
		};
/* End PBXFrameworksBuildPhase section */

/* Begin PBXGroup section */
		C0A85F2F26DA67B800688280 = {
			isa = PBXGroup;
			children = (
				C0A85F3A26DA67B800688280 /* Networking */,
				C0A85F5126DA67B900688280 /* NetworkingTests */,
				C0A85F5C26DA67B900688280 /* NetworkingUITests */,
				C0A85F3926DA67B800688280 /* Products */,
			);
			sourceTree = "<group>";
		};
		C0A85F3926DA67B800688280 /* Products */ = {
			isa = PBXGroup;
			children = (
				C0A85F3826DA67B800688280 /* Networking.app */,
				C0A85F4E26DA67B900688280 /* NetworkingTests.xctest */,
				C0A85F5926DA67B900688280 /* NetworkingUITests.xctest */,
			);
			name = Products;
			sourceTree = "<group>";
		};
		C0A85F3A26DA67B800688280 /* Networking */ = {
			isa = PBXGroup;
			children = (
				C0A85F3B26DA67B800688280 /* AppDelegate.swift */,
				C0A85F3D26DA67B800688280 /* SceneDelegate.swift */,
				C0A85F3F26DA67B800688280 /* ViewController.swift */,
				C0A85F4126DA67B800688280 /* Main.storyboard */,
				C0A85F6B26DA688000688280 /* Model.swift */,
				C0A85F4426DA67B900688280 /* Assets.xcassets */,
				C0A85F4626DA67B900688280 /* LaunchScreen.storyboard */,
				C0A85F4926DA67B900688280 /* Info.plist */,
			);
			path = Networking;
			sourceTree = "<group>";
		};
		C0A85F5126DA67B900688280 /* NetworkingTests */ = {
			isa = PBXGroup;
			children = (
				C0A85F5226DA67B900688280 /* NetworkingTests.swift */,
				C0A85F5426DA67B900688280 /* Info.plist */,
			);
			path = NetworkingTests;
			sourceTree = "<group>";
		};
		C0A85F5C26DA67B900688280 /* NetworkingUITests */ = {
			isa = PBXGroup;
			children = (
				C0A85F5D26DA67B900688280 /* NetworkingUITests.swift */,
				C0A85F5F26DA67B900688280 /* Info.plist */,
			);
			path = NetworkingUITests;
			sourceTree = "<group>";
		};
/* End PBXGroup section */

/* Begin PBXNativeTarget section */
		C0A85F3726DA67B800688280 /* Networking */ = {
			isa = PBXNativeTarget;
			buildConfigurationList = C0A85F6226DA67B900688280 /* Build configuration list for PBXNativeTarget "Networking" */;
			buildPhases = (
				C0A85F3426DA67B800688280 /* Sources */,
				C0A85F3526DA67B800688280 /* Frameworks */,
				C0A85F3626DA67B800688280 /* Resources */,
			);
			buildRules = (
			);
			dependencies = (
			);
			name = Networking;
			productName = Networking;
			productReference = C0A85F3826DA67B800688280 /* Networking.app */;
			productType = "com.apple.product-type.application";
		};
		C0A85F4D26DA67B900688280 /* NetworkingTests */ = {
			isa = PBXNativeTarget;
			buildConfigurationList = C0A85F6526DA67B900688280 /* Build configuration list for PBXNativeTarget "NetworkingTests" */;
			buildPhases = (
				C0A85F4A26DA67B900688280 /* Sources */,
				C0A85F4B26DA67B900688280 /* Frameworks */,
				C0A85F4C26DA67B900688280 /* Resources */,
			);
			buildRules = (
			);
			dependencies = (
				C0A85F5026DA67B900688280 /* PBXTargetDependency */,
			);
			name = NetworkingTests;
			productName = NetworkingTests;
			productReference = C0A85F4E26DA67B900688280 /* NetworkingTests.xctest */;
			productType = "com.apple.product-type.bundle.unit-test";
		};
		C0A85F5826DA67B900688280 /* NetworkingUITests */ = {
			isa = PBXNativeTarget;
			buildConfigurationList = C0A85F6826DA67B900688280 /* Build configuration list for PBXNativeTarget "NetworkingUITests" */;
			buildPhases = (
				C0A85F5526DA67B900688280 /* Sources */,
				C0A85F5626DA67B900688280 /* Frameworks */,
				C0A85F5726DA67B900688280 /* Resources */,
			);
			buildRules = (
			);
			dependencies = (
				C0A85F5B26DA67B900688280 /* PBXTargetDependency */,
			);
			name = NetworkingUITests;
			productName = NetworkingUITests;
			productReference = C0A85F5926DA67B900688280 /* NetworkingUITests.xctest */;
			productType = "com.apple.product-type.bundle.ui-testing";
		};
/* End PBXNativeTarget section */

/* Begin PBXProject section */
		C0A85F3026DA67B800688280 /* Project object */ = {
			isa = PBXProject;
			attributes = {
				LastSwiftUpdateCheck = 1250;
				LastUpgradeCheck = 1250;
				TargetAttributes = {
					C0A85F3726DA67B800688280 = {
						CreatedOnToolsVersion = 12.5.1;
					};
					C0A85F4D26DA67B900688280 = {
						CreatedOnToolsVersion = 12.5.1;
						TestTargetID = C0A85F3726DA67B800688280;
					};
					C0A85F5826DA67B900688280 = {
						CreatedOnToolsVersion = 12.5.1;
						TestTargetID = C0A85F3726DA67B800688280;
					};
				};
			};
			buildConfigurationList = C0A85F3326DA67B800688280 /* Build configuration list for PBXProject "Networking" */;
			compatibilityVersion = "Xcode 9.3";
			developmentRegion = en;
			hasScannedForEncodings = 0;
			knownRegions = (
				en,
				Base,
			);
			mainGroup = C0A85F2F26DA67B800688280;
			productRefGroup = C0A85F3926DA67B800688280 /* Products */;
			projectDirPath = "";
			projectRoot = "";
			targets = (
				C0A85F3726DA67B800688280 /* Networking */,
				C0A85F4D26DA67B900688280 /* NetworkingTests */,
				C0A85F5826DA67B900688280 /* NetworkingUITests */,
			);
		};
/* End PBXProject section */

/* Begin PBXResourcesBuildPhase section */
		C0A85F3626DA67B800688280 /* Resources */ = {
			isa = PBXResourcesBuildPhase;
			buildActionMask = 2147483647;
			files = (
				C0A85F4826DA67B900688280 /* LaunchScreen.storyboard in Resources */,
				C0A85F4526DA67B900688280 /* Assets.xcassets in Resources */,
				C0A85F4326DA67B800688280 /* Main.storyboard in Resources */,
			);
			runOnlyForDeploymentPostprocessing = 0;
		};
		C0A85F4C26DA67B900688280 /* Resources */ = {
			isa = PBXResourcesBuildPhase;
			buildActionMask = 2147483647;
			files = (
			);
			runOnlyForDeploymentPostprocessing = 0;
		};
		C0A85F5726DA67B900688280 /* Resources */ = {
			isa = PBXResourcesBuildPhase;
			buildActionMask = 2147483647;
			files = (
			);
			runOnlyForDeploymentPostprocessing = 0;
		};
/* End PBXResourcesBuildPhase section */

/* Begin PBXSourcesBuildPhase section */
		C0A85F3426DA67B800688280 /* Sources */ = {
			isa = PBXSourcesBuildPhase;
			buildActionMask = 2147483647;
			files = (
				C0A85F4026DA67B800688280 /* ViewController.swift in Sources */,
				C0A85F3C26DA67B800688280 /* AppDelegate.swift in Sources */,
				C0A85F3E26DA67B800688280 /* SceneDelegate.swift in Sources */,
				C0A85F6C26DA688000688280 /* Model.swift in Sources */,
			);
			runOnlyForDeploymentPostprocessing = 0;
		};
		C0A85F4A26DA67B900688280 /* Sources */ = {
			isa = PBXSourcesBuildPhase;
			buildActionMask = 2147483647;
			files = (
				C0A85F5326DA67B900688280 /* NetworkingTests.swift in Sources */,
			);
			runOnlyForDeploymentPostprocessing = 0;
		};
		C0A85F5526DA67B900688280 /* Sources */ = {
			isa = PBXSourcesBuildPhase;
			buildActionMask = 2147483647;
			files = (
				C0A85F5E26DA67B900688280 /* NetworkingUITests.swift in Sources */,
			);
			runOnlyForDeploymentPostprocessing = 0;
		};
/* End PBXSourcesBuildPhase section */

/* Begin PBXTargetDependency section */
		C0A85F5026DA67B900688280 /* PBXTargetDependency */ = {
			isa = PBXTargetDependency;
			target = C0A85F3726DA67B800688280 /* Networking */;
			targetProxy = C0A85F4F26DA67B900688280 /* PBXContainerItemProxy */;
		};
		C0A85F5B26DA67B900688280 /* PBXTargetDependency */ = {
			isa = PBXTargetDependency;
			target = C0A85F3726DA67B800688280 /* Networking */;
			targetProxy = C0A85F5A26DA67B900688280 /* PBXContainerItemProxy */;
		};
/* End PBXTargetDependency section */

/* Begin PBXVariantGroup section */
		C0A85F4126DA67B800688280 /* Main.storyboard */ = {
			isa = PBXVariantGroup;
			children = (
				C0A85F4226DA67B800688280 /* Base */,
			);
			name = Main.storyboard;
			sourceTree = "<group>";
		};
		C0A85F4626DA67B900688280 /* LaunchScreen.storyboard */ = {
			isa = PBXVariantGroup;
			children = (
				C0A85F4726DA67B900688280 /* Base */,
			);
			name = LaunchScreen.storyboard;
			sourceTree = "<group>";
		};
/* End PBXVariantGroup section */

/* Begin XCBuildConfiguration section */
		C0A85F6026DA67B900688280 /* Debug */ = {
			isa = XCBuildConfiguration;
			buildSettings = {
				ALWAYS_SEARCH_USER_PATHS = NO;
				CLANG_ANALYZER_NONNULL = YES;
				CLANG_ANALYZER_NUMBER_OBJECT_CONVERSION = YES_AGGRESSIVE;
				CLANG_CXX_LANGUAGE_STANDARD = "gnu++14";
				CLANG_CXX_LIBRARY = "libc++";
				CLANG_ENABLE_MODULES = YES;
				CLANG_ENABLE_OBJC_ARC = YES;
				CLANG_ENABLE_OBJC_WEAK = YES;
				CLANG_WARN_BLOCK_CAPTURE_AUTORELEASING = YES;
				CLANG_WARN_BOOL_CONVERSION = YES;
				CLANG_WARN_COMMA = YES;
				CLANG_WARN_CONSTANT_CONVERSION = YES;
				CLANG_WARN_DEPRECATED_OBJC_IMPLEMENTATIONS = YES;
				CLANG_WARN_DIRECT_OBJC_ISA_USAGE = YES_ERROR;
				CLANG_WARN_DOCUMENTATION_COMMENTS = YES;
				CLANG_WARN_EMPTY_BODY = YES;
				CLANG_WARN_ENUM_CONVERSION = YES;
				CLANG_WARN_INFINITE_RECURSION = YES;
				CLANG_WARN_INT_CONVERSION = YES;
				CLANG_WARN_NON_LITERAL_NULL_CONVERSION = YES;
				CLANG_WARN_OBJC_IMPLICIT_RETAIN_SELF = YES;
				CLANG_WARN_OBJC_LITERAL_CONVERSION = YES;
				CLANG_WARN_OBJC_ROOT_CLASS = YES_ERROR;
				CLANG_WARN_QUOTED_INCLUDE_IN_FRAMEWORK_HEADER = YES;
				CLANG_WARN_RANGE_LOOP_ANALYSIS = YES;
				CLANG_WARN_STRICT_PROTOTYPES = YES;
				CLANG_WARN_SUSPICIOUS_MOVE = YES;
				CLANG_WARN_UNGUARDED_AVAILABILITY = YES_AGGRESSIVE;
				CLANG_WARN_UNREACHABLE_CODE = YES;
				CLANG_WARN__DUPLICATE_METHOD_MATCH = YES;
				COPY_PHASE_STRIP = NO;
				DEBUG_INFORMATION_FORMAT = dwarf;
				ENABLE_STRICT_OBJC_MSGSEND = YES;
				ENABLE_TESTABILITY = YES;
				GCC_C_LANGUAGE_STANDARD = gnu11;
				GCC_DYNAMIC_NO_PIC = NO;
				GCC_NO_COMMON_BLOCKS = YES;
				GCC_OPTIMIZATION_LEVEL = 0;
				GCC_PREPROCESSOR_DEFINITIONS = (
					"DEBUG=1",
					"$(inherited)",
				);
				GCC_WARN_64_TO_32_BIT_CONVERSION = YES;
				GCC_WARN_ABOUT_RETURN_TYPE = YES_ERROR;
				GCC_WARN_UNDECLARED_SELECTOR = YES;
				GCC_WARN_UNINITIALIZED_AUTOS = YES_AGGRESSIVE;
				GCC_WARN_UNUSED_FUNCTION = YES;
				GCC_WARN_UNUSED_VARIABLE = YES;
				IPHONEOS_DEPLOYMENT_TARGET = 14.5;
				MTL_ENABLE_DEBUG_INFO = INCLUDE_SOURCE;
				MTL_FAST_MATH = YES;
				ONLY_ACTIVE_ARCH = YES;
				SDKROOT = iphoneos;
				SWIFT_ACTIVE_COMPILATION_CONDITIONS = DEBUG;
				SWIFT_OPTIMIZATION_LEVEL = "-Onone";
			};
			name = Debug;
		};
		C0A85F6126DA67B900688280 /* Release */ = {
			isa = XCBuildConfiguration;
			buildSettings = {
				ALWAYS_SEARCH_USER_PATHS = NO;
				CLANG_ANALYZER_NONNULL = YES;
				CLANG_ANALYZER_NUMBER_OBJECT_CONVERSION = YES_AGGRESSIVE;
				CLANG_CXX_LANGUAGE_STANDARD = "gnu++14";
				CLANG_CXX_LIBRARY = "libc++";
				CLANG_ENABLE_MODULES = YES;
				CLANG_ENABLE_OBJC_ARC = YES;
				CLANG_ENABLE_OBJC_WEAK = YES;
				CLANG_WARN_BLOCK_CAPTURE_AUTORELEASING = YES;
				CLANG_WARN_BOOL_CONVERSION = YES;
				CLANG_WARN_COMMA = YES;
				CLANG_WARN_CONSTANT_CONVERSION = YES;
				CLANG_WARN_DEPRECATED_OBJC_IMPLEMENTATIONS = YES;
				CLANG_WARN_DIRECT_OBJC_ISA_USAGE = YES_ERROR;
				CLANG_WARN_DOCUMENTATION_COMMENTS = YES;
				CLANG_WARN_EMPTY_BODY = YES;
				CLANG_WARN_ENUM_CONVERSION = YES;
				CLANG_WARN_INFINITE_RECURSION = YES;
				CLANG_WARN_INT_CONVERSION = YES;
				CLANG_WARN_NON_LITERAL_NULL_CONVERSION = YES;
				CLANG_WARN_OBJC_IMPLICIT_RETAIN_SELF = YES;
				CLANG_WARN_OBJC_LITERAL_CONVERSION = YES;
				CLANG_WARN_OBJC_ROOT_CLASS = YES_ERROR;
				CLANG_WARN_QUOTED_INCLUDE_IN_FRAMEWORK_HEADER = YES;
				CLANG_WARN_RANGE_LOOP_ANALYSIS = YES;
				CLANG_WARN_STRICT_PROTOTYPES = YES;
				CLANG_WARN_SUSPICIOUS_MOVE = YES;
				CLANG_WARN_UNGUARDED_AVAILABILITY = YES_AGGRESSIVE;
				CLANG_WARN_UNREACHABLE_CODE = YES;
				CLANG_WARN__DUPLICATE_METHOD_MATCH = YES;
				COPY_PHASE_STRIP = NO;
				DEBUG_INFORMATION_FORMAT = "dwarf-with-dsym";
				ENABLE_NS_ASSERTIONS = NO;
				ENABLE_STRICT_OBJC_MSGSEND = YES;
				GCC_C_LANGUAGE_STANDARD = gnu11;
				GCC_NO_COMMON_BLOCKS = YES;
				GCC_WARN_64_TO_32_BIT_CONVERSION = YES;
				GCC_WARN_ABOUT_RETURN_TYPE = YES_ERROR;
				GCC_WARN_UNDECLARED_SELECTOR = YES;
				GCC_WARN_UNINITIALIZED_AUTOS = YES_AGGRESSIVE;
				GCC_WARN_UNUSED_FUNCTION = YES;
				GCC_WARN_UNUSED_VARIABLE = YES;
				IPHONEOS_DEPLOYMENT_TARGET = 14.5;
				MTL_ENABLE_DEBUG_INFO = NO;
				MTL_FAST_MATH = YES;
				SDKROOT = iphoneos;
				SWIFT_COMPILATION_MODE = wholemodule;
				SWIFT_OPTIMIZATION_LEVEL = "-O";
				VALIDATE_PRODUCT = YES;
			};
			name = Release;
		};
		C0A85F6326DA67B900688280 /* Debug */ = {
			isa = XCBuildConfiguration;
			buildSettings = {
				ASSETCATALOG_COMPILER_APPICON_NAME = AppIcon;
				ASSETCATALOG_COMPILER_GLOBAL_ACCENT_COLOR_NAME = AccentColor;
				CODE_SIGN_STYLE = Automatic;
				DEVELOPMENT_TEAM = 7HP434DC5Y;
				INFOPLIST_FILE = Networking/Info.plist;
				LD_RUNPATH_SEARCH_PATHS = (
					"$(inherited)",
					"@executable_path/Frameworks",
				);
				PRODUCT_BUNDLE_IDENTIFIER = siun.Networking;
				PRODUCT_NAME = "$(TARGET_NAME)";
				SWIFT_VERSION = 5.0;
				TARGETED_DEVICE_FAMILY = "1,2";
			};
			name = Debug;
		};
		C0A85F6426DA67B900688280 /* Release */ = {
			isa = XCBuildConfiguration;
			buildSettings = {
				ASSETCATALOG_COMPILER_APPICON_NAME = AppIcon;
				ASSETCATALOG_COMPILER_GLOBAL_ACCENT_COLOR_NAME = AccentColor;
				CODE_SIGN_STYLE = Automatic;
				DEVELOPMENT_TEAM = 7HP434DC5Y;
				INFOPLIST_FILE = Networking/Info.plist;
				LD_RUNPATH_SEARCH_PATHS = (
					"$(inherited)",
					"@executable_path/Frameworks",
				);
				PRODUCT_BUNDLE_IDENTIFIER = siun.Networking;
				PRODUCT_NAME = "$(TARGET_NAME)";
				SWIFT_VERSION = 5.0;
				TARGETED_DEVICE_FAMILY = "1,2";
			};
			name = Release;
		};
		C0A85F6626DA67B900688280 /* Debug */ = {
			isa = XCBuildConfiguration;
			buildSettings = {
				ALWAYS_EMBED_SWIFT_STANDARD_LIBRARIES = YES;
				BUNDLE_LOADER = "$(TEST_HOST)";
				CODE_SIGN_STYLE = Automatic;
				DEVELOPMENT_TEAM = 7HP434DC5Y;
				INFOPLIST_FILE = NetworkingTests/Info.plist;
				IPHONEOS_DEPLOYMENT_TARGET = 14.5;
				LD_RUNPATH_SEARCH_PATHS = (
					"$(inherited)",
					"@executable_path/Frameworks",
					"@loader_path/Frameworks",
				);
				PRODUCT_BUNDLE_IDENTIFIER = siun.NetworkingTests;
				PRODUCT_NAME = "$(TARGET_NAME)";
				SWIFT_VERSION = 5.0;
				TARGETED_DEVICE_FAMILY = "1,2";
				TEST_HOST = "$(BUILT_PRODUCTS_DIR)/Networking.app/Networking";
			};
			name = Debug;
		};
		C0A85F6726DA67B900688280 /* Release */ = {
			isa = XCBuildConfiguration;
			buildSettings = {
				ALWAYS_EMBED_SWIFT_STANDARD_LIBRARIES = YES;
				BUNDLE_LOADER = "$(TEST_HOST)";
				CODE_SIGN_STYLE = Automatic;
				DEVELOPMENT_TEAM = 7HP434DC5Y;
				INFOPLIST_FILE = NetworkingTests/Info.plist;
				IPHONEOS_DEPLOYMENT_TARGET = 14.5;
				LD_RUNPATH_SEARCH_PATHS = (
					"$(inherited)",
					"@executable_path/Frameworks",
					"@loader_path/Frameworks",
				);
				PRODUCT_BUNDLE_IDENTIFIER = siun.NetworkingTests;
				PRODUCT_NAME = "$(TARGET_NAME)";
				SWIFT_VERSION = 5.0;
				TARGETED_DEVICE_FAMILY = "1,2";
				TEST_HOST = "$(BUILT_PRODUCTS_DIR)/Networking.app/Networking";
			};
			name = Release;
		};
		C0A85F6926DA67B900688280 /* Debug */ = {
			isa = XCBuildConfiguration;
			buildSettings = {
				ALWAYS_EMBED_SWIFT_STANDARD_LIBRARIES = YES;
				CODE_SIGN_STYLE = Automatic;
				DEVELOPMENT_TEAM = 7HP434DC5Y;
				INFOPLIST_FILE = NetworkingUITests/Info.plist;
				LD_RUNPATH_SEARCH_PATHS = (
					"$(inherited)",
					"@executable_path/Frameworks",
					"@loader_path/Frameworks",
				);
				PRODUCT_BUNDLE_IDENTIFIER = siun.NetworkingUITests;
				PRODUCT_NAME = "$(TARGET_NAME)";
				SWIFT_VERSION = 5.0;
				TARGETED_DEVICE_FAMILY = "1,2";
				TEST_TARGET_NAME = Networking;
			};
			name = Debug;
		};
		C0A85F6A26DA67B900688280 /* Release */ = {
			isa = XCBuildConfiguration;
			buildSettings = {
				ALWAYS_EMBED_SWIFT_STANDARD_LIBRARIES = YES;
				CODE_SIGN_STYLE = Automatic;
				DEVELOPMENT_TEAM = 7HP434DC5Y;
				INFOPLIST_FILE = NetworkingUITests/Info.plist;
				LD_RUNPATH_SEARCH_PATHS = (
					"$(inherited)",
					"@executable_path/Frameworks",
					"@loader_path/Frameworks",
				);
				PRODUCT_BUNDLE_IDENTIFIER = siun.NetworkingUITests;
				PRODUCT_NAME = "$(TARGET_NAME)";
				SWIFT_VERSION = 5.0;
				TARGETED_DEVICE_FAMILY = "1,2";
				TEST_TARGET_NAME = Networking;
			};
			name = Release;
		};
/* End XCBuildConfiguration section */

/* Begin XCConfigurationList section */
		C0A85F3326DA67B800688280 /* Build configuration list for PBXProject "Networking" */ = {
			isa = XCConfigurationList;
			buildConfigurations = (
				C0A85F6026DA67B900688280 /* Debug */,
				C0A85F6126DA67B900688280 /* Release */,
			);
			defaultConfigurationIsVisible = 0;
			defaultConfigurationName = Release;
		};
		C0A85F6226DA67B900688280 /* Build configuration list for PBXNativeTarget "Networking" */ = {
			isa = XCConfigurationList;
			buildConfigurations = (
				C0A85F6326DA67B900688280 /* Debug */,
				C0A85F6426DA67B900688280 /* Release */,
			);
			defaultConfigurationIsVisible = 0;
			defaultConfigurationName = Release;
		};
		C0A85F6526DA67B900688280 /* Build configuration list for PBXNativeTarget "NetworkingTests" */ = {
			isa = XCConfigurationList;
			buildConfigurations = (
				C0A85F6626DA67B900688280 /* Debug */,
				C0A85F6726DA67B900688280 /* Release */,
			);
			defaultConfigurationIsVisible = 0;
			defaultConfigurationName = Release;
		};
		C0A85F6826DA67B900688280 /* Build configuration list for PBXNativeTarget "NetworkingUITests" */ = {
			isa = XCConfigurationList;
			buildConfigurations = (
				C0A85F6926DA67B900688280 /* Debug */,
				C0A85F6A26DA67B900688280 /* Release */,
			);
			defaultConfigurationIsVisible = 0;
			defaultConfigurationName = Release;
		};
/* End XCConfigurationList section */
	};
	rootObject = C0A85F3026DA67B800688280 /* Project object */;
}
