// !$*UTF8*$!
{
	archiveVersion = 1;
	classes = {
	};
	objectVersion = 50;
	objects = {

/* Begin PBXBuildFile section */
		C0A85E4626D6877500688280 /* AppDelegate.swift in Sources */ = {isa = PBXBuildFile; fileRef = C0A85E4526D6877500688280 /* AppDelegate.swift */; };
		C0A85E4826D6877500688280 /* SceneDelegate.swift in Sources */ = {isa = PBXBuildFile; fileRef = C0A85E4726D6877500688280 /* SceneDelegate.swift */; };
		C0A85E4A26D6877500688280 /* ViewController.swift in Sources */ = {isa = PBXBuildFile; fileRef = C0A85E4926D6877500688280 /* ViewController.swift */; };
		C0A85E4D26D6877500688280 /* Main.storyboard in Resources */ = {isa = PBXBuildFile; fileRef = C0A85E4B26D6877500688280 /* Main.storyboard */; };
		C0A85E4F26D6877700688280 /* Assets.xcassets in Resources */ = {isa = PBXBuildFile; fileRef = C0A85E4E26D6877700688280 /* Assets.xcassets */; };
		C0A85E5226D6877700688280 /* LaunchScreen.storyboard in Resources */ = {isa = PBXBuildFile; fileRef = C0A85E5026D6877700688280 /* LaunchScreen.storyboard */; };
		C0A85E5D26D6877700688280 /* FriendsCollectionTests.swift in Sources */ = {isa = PBXBuildFile; fileRef = C0A85E5C26D6877700688280 /* FriendsCollectionTests.swift */; };
		C0A85E6826D6877700688280 /* FriendsCollectionUITests.swift in Sources */ = {isa = PBXBuildFile; fileRef = C0A85E6726D6877700688280 /* FriendsCollectionUITests.swift */; };
		C0A85E7626D6925B00688280 /* FriendCollectionViewCell.swift in Sources */ = {isa = PBXBuildFile; fileRef = C0A85E7526D6925B00688280 /* FriendCollectionViewCell.swift */; };
		C0A85E7826D6934700688280 /* Friend.swift in Sources */ = {isa = PBXBuildFile; fileRef = C0A85E7726D6934700688280 /* Friend.swift */; };
/* End PBXBuildFile section */

/* Begin PBXContainerItemProxy section */
		C0A85E5926D6877700688280 /* PBXContainerItemProxy */ = {
			isa = PBXContainerItemProxy;
			containerPortal = C0A85E3A26D6877500688280 /* Project object */;
			proxyType = 1;
			remoteGlobalIDString = C0A85E4126D6877500688280;
			remoteInfo = FriendsCollection;
		};
		C0A85E6426D6877700688280 /* PBXContainerItemProxy */ = {
			isa = PBXContainerItemProxy;
			containerPortal = C0A85E3A26D6877500688280 /* Project object */;
			proxyType = 1;
			remoteGlobalIDString = C0A85E4126D6877500688280;
			remoteInfo = FriendsCollection;
		};
/* End PBXContainerItemProxy section */

/* Begin PBXFileReference section */
		C0A85E4226D6877500688280 /* FriendsCollection.app */ = {isa = PBXFileReference; explicitFileType = wrapper.application; includeInIndex = 0; path = FriendsCollection.app; sourceTree = BUILT_PRODUCTS_DIR; };
		C0A85E4526D6877500688280 /* AppDelegate.swift */ = {isa = PBXFileReference; lastKnownFileType = sourcecode.swift; path = AppDelegate.swift; sourceTree = "<group>"; };
		C0A85E4726D6877500688280 /* SceneDelegate.swift */ = {isa = PBXFileReference; lastKnownFileType = sourcecode.swift; path = SceneDelegate.swift; sourceTree = "<group>"; };
		C0A85E4926D6877500688280 /* ViewController.swift */ = {isa = PBXFileReference; lastKnownFileType = sourcecode.swift; path = ViewController.swift; sourceTree = "<group>"; };
		C0A85E4C26D6877500688280 /* Base */ = {isa = PBXFileReference; lastKnownFileType = file.storyboard; name = Base; path = Base.lproj/Main.storyboard; sourceTree = "<group>"; };
		C0A85E4E26D6877700688280 /* Assets.xcassets */ = {isa = PBXFileReference; lastKnownFileType = folder.assetcatalog; path = Assets.xcassets; sourceTree = "<group>"; };
		C0A85E5126D6877700688280 /* Base */ = {isa = PBXFileReference; lastKnownFileType = file.storyboard; name = Base; path = Base.lproj/LaunchScreen.storyboard; sourceTree = "<group>"; };
		C0A85E5326D6877700688280 /* Info.plist */ = {isa = PBXFileReference; lastKnownFileType = text.plist.xml; path = Info.plist; sourceTree = "<group>"; };
		C0A85E5826D6877700688280 /* FriendsCollectionTests.xctest */ = {isa = PBXFileReference; explicitFileType = wrapper.cfbundle; includeInIndex = 0; path = FriendsCollectionTests.xctest; sourceTree = BUILT_PRODUCTS_DIR; };
		C0A85E5C26D6877700688280 /* FriendsCollectionTests.swift */ = {isa = PBXFileReference; lastKnownFileType = sourcecode.swift; path = FriendsCollectionTests.swift; sourceTree = "<group>"; };
		C0A85E5E26D6877700688280 /* Info.plist */ = {isa = PBXFileReference; lastKnownFileType = text.plist.xml; path = Info.plist; sourceTree = "<group>"; };
		C0A85E6326D6877700688280 /* FriendsCollectionUITests.xctest */ = {isa = PBXFileReference; explicitFileType = wrapper.cfbundle; includeInIndex = 0; path = FriendsCollectionUITests.xctest; sourceTree = BUILT_PRODUCTS_DIR; };
		C0A85E6726D6877700688280 /* FriendsCollectionUITests.swift */ = {isa = PBXFileReference; lastKnownFileType = sourcecode.swift; path = FriendsCollectionUITests.swift; sourceTree = "<group>"; };
		C0A85E6926D6877700688280 /* Info.plist */ = {isa = PBXFileReference; lastKnownFileType = text.plist.xml; path = Info.plist; sourceTree = "<group>"; };
		C0A85E7526D6925B00688280 /* FriendCollectionViewCell.swift */ = {isa = PBXFileReference; lastKnownFileType = sourcecode.swift; path = FriendCollectionViewCell.swift; sourceTree = "<group>"; };
		C0A85E7726D6934700688280 /* Friend.swift */ = {isa = PBXFileReference; fileEncoding = 4; lastKnownFileType = sourcecode.swift; name = Friend.swift; path = ../../MyFriends/Friend.swift; sourceTree = "<group>"; };
/* End PBXFileReference section */

/* Begin PBXFrameworksBuildPhase section */
		C0A85E3F26D6877500688280 /* Frameworks */ = {
			isa = PBXFrameworksBuildPhase;
			buildActionMask = 2147483647;
			files = (
			);
			runOnlyForDeploymentPostprocessing = 0;
		};
		C0A85E5526D6877700688280 /* Frameworks */ = {
			isa = PBXFrameworksBuildPhase;
			buildActionMask = 2147483647;
			files = (
			);
			runOnlyForDeploymentPostprocessing = 0;
		};
		C0A85E6026D6877700688280 /* Frameworks */ = {
			isa = PBXFrameworksBuildPhase;
			buildActionMask = 2147483647;
			files = (
			);
			runOnlyForDeploymentPostprocessing = 0;
		};
/* End PBXFrameworksBuildPhase section */

/* Begin PBXGroup section */
		C0A85E3926D6877500688280 = {
			isa = PBXGroup;
			children = (
				C0A85E4426D6877500688280 /* FriendsCollection */,
				C0A85E5B26D6877700688280 /* FriendsCollectionTests */,
				C0A85E6626D6877700688280 /* FriendsCollectionUITests */,
				C0A85E4326D6877500688280 /* Products */,
			);
			sourceTree = "<group>";
		};
		C0A85E4326D6877500688280 /* Products */ = {
			isa = PBXGroup;
			children = (
				C0A85E4226D6877500688280 /* FriendsCollection.app */,
				C0A85E5826D6877700688280 /* FriendsCollectionTests.xctest */,
				C0A85E6326D6877700688280 /* FriendsCollectionUITests.xctest */,
			);
			name = Products;
			sourceTree = "<group>";
		};
		C0A85E4426D6877500688280 /* FriendsCollection */ = {
			isa = PBXGroup;
			children = (
				C0A85E7726D6934700688280 /* Friend.swift */,
				C0A85E4526D6877500688280 /* AppDelegate.swift */,
				C0A85E4726D6877500688280 /* SceneDelegate.swift */,
				C0A85E4926D6877500688280 /* ViewController.swift */,
				C0A85E4B26D6877500688280 /* Main.storyboard */,
				C0A85E7526D6925B00688280 /* FriendCollectionViewCell.swift */,
				C0A85E4E26D6877700688280 /* Assets.xcassets */,
				C0A85E5026D6877700688280 /* LaunchScreen.storyboard */,
				C0A85E5326D6877700688280 /* Info.plist */,
			);
			path = FriendsCollection;
			sourceTree = "<group>";
		};
		C0A85E5B26D6877700688280 /* FriendsCollectionTests */ = {
			isa = PBXGroup;
			children = (
				C0A85E5C26D6877700688280 /* FriendsCollectionTests.swift */,
				C0A85E5E26D6877700688280 /* Info.plist */,
			);
			path = FriendsCollectionTests;
			sourceTree = "<group>";
		};
		C0A85E6626D6877700688280 /* FriendsCollectionUITests */ = {
			isa = PBXGroup;
			children = (
				C0A85E6726D6877700688280 /* FriendsCollectionUITests.swift */,
				C0A85E6926D6877700688280 /* Info.plist */,
			);
			path = FriendsCollectionUITests;
			sourceTree = "<group>";
		};
/* End PBXGroup section */

/* Begin PBXNativeTarget section */
		C0A85E4126D6877500688280 /* FriendsCollection */ = {
			isa = PBXNativeTarget;
			buildConfigurationList = C0A85E6C26D6877700688280 /* Build configuration list for PBXNativeTarget "FriendsCollection" */;
			buildPhases = (
				C0A85E3E26D6877500688280 /* Sources */,
				C0A85E3F26D6877500688280 /* Frameworks */,
				C0A85E4026D6877500688280 /* Resources */,
			);
			buildRules = (
			);
			dependencies = (
			);
			name = FriendsCollection;
			productName = FriendsCollection;
			productReference = C0A85E4226D6877500688280 /* FriendsCollection.app */;
			productType = "com.apple.product-type.application";
		};
		C0A85E5726D6877700688280 /* FriendsCollectionTests */ = {
			isa = PBXNativeTarget;
			buildConfigurationList = C0A85E6F26D6877700688280 /* Build configuration list for PBXNativeTarget "FriendsCollectionTests" */;
			buildPhases = (
				C0A85E5426D6877700688280 /* Sources */,
				C0A85E5526D6877700688280 /* Frameworks */,
				C0A85E5626D6877700688280 /* Resources */,
			);
			buildRules = (
			);
			dependencies = (
				C0A85E5A26D6877700688280 /* PBXTargetDependency */,
			);
			name = FriendsCollectionTests;
			productName = FriendsCollectionTests;
			productReference = C0A85E5826D6877700688280 /* FriendsCollectionTests.xctest */;
			productType = "com.apple.product-type.bundle.unit-test";
		};
		C0A85E6226D6877700688280 /* FriendsCollectionUITests */ = {
			isa = PBXNativeTarget;
			buildConfigurationList = C0A85E7226D6877700688280 /* Build configuration list for PBXNativeTarget "FriendsCollectionUITests" */;
			buildPhases = (
				C0A85E5F26D6877700688280 /* Sources */,
				C0A85E6026D6877700688280 /* Frameworks */,
				C0A85E6126D6877700688280 /* Resources */,
			);
			buildRules = (
			);
			dependencies = (
				C0A85E6526D6877700688280 /* PBXTargetDependency */,
			);
			name = FriendsCollectionUITests;
			productName = FriendsCollectionUITests;
			productReference = C0A85E6326D6877700688280 /* FriendsCollectionUITests.xctest */;
			productType = "com.apple.product-type.bundle.ui-testing";
		};
/* End PBXNativeTarget section */

/* Begin PBXProject section */
		C0A85E3A26D6877500688280 /* Project object */ = {
			isa = PBXProject;
			attributes = {
				LastSwiftUpdateCheck = 1250;
				LastUpgradeCheck = 1250;
				TargetAttributes = {
					C0A85E4126D6877500688280 = {
						CreatedOnToolsVersion = 12.5.1;
					};
					C0A85E5726D6877700688280 = {
						CreatedOnToolsVersion = 12.5.1;
						TestTargetID = C0A85E4126D6877500688280;
					};
					C0A85E6226D6877700688280 = {
						CreatedOnToolsVersion = 12.5.1;
						TestTargetID = C0A85E4126D6877500688280;
					};
				};
			};
			buildConfigurationList = C0A85E3D26D6877500688280 /* Build configuration list for PBXProject "FriendsCollection" */;
			compatibilityVersion = "Xcode 9.3";
			developmentRegion = en;
			hasScannedForEncodings = 0;
			knownRegions = (
				en,
				Base,
			);
			mainGroup = C0A85E3926D6877500688280;
			productRefGroup = C0A85E4326D6877500688280 /* Products */;
			projectDirPath = "";
			projectRoot = "";
			targets = (
				C0A85E4126D6877500688280 /* FriendsCollection */,
				C0A85E5726D6877700688280 /* FriendsCollectionTests */,
				C0A85E6226D6877700688280 /* FriendsCollectionUITests */,
			);
		};
/* End PBXProject section */

/* Begin PBXResourcesBuildPhase section */
		C0A85E4026D6877500688280 /* Resources */ = {
			isa = PBXResourcesBuildPhase;
			buildActionMask = 2147483647;
			files = (
				C0A85E5226D6877700688280 /* LaunchScreen.storyboard in Resources */,
				C0A85E4F26D6877700688280 /* Assets.xcassets in Resources */,
				C0A85E4D26D6877500688280 /* Main.storyboard in Resources */,
			);
			runOnlyForDeploymentPostprocessing = 0;
		};
		C0A85E5626D6877700688280 /* Resources */ = {
			isa = PBXResourcesBuildPhase;
			buildActionMask = 2147483647;
			files = (
			);
			runOnlyForDeploymentPostprocessing = 0;
		};
		C0A85E6126D6877700688280 /* Resources */ = {
			isa = PBXResourcesBuildPhase;
			buildActionMask = 2147483647;
			files = (
			);
			runOnlyForDeploymentPostprocessing = 0;
		};
/* End PBXResourcesBuildPhase section */

/* Begin PBXSourcesBuildPhase section */
		C0A85E3E26D6877500688280 /* Sources */ = {
			isa = PBXSourcesBuildPhase;
			buildActionMask = 2147483647;
			files = (
				C0A85E7626D6925B00688280 /* FriendCollectionViewCell.swift in Sources */,
				C0A85E4A26D6877500688280 /* ViewController.swift in Sources */,
				C0A85E7826D6934700688280 /* Friend.swift in Sources */,
				C0A85E4626D6877500688280 /* AppDelegate.swift in Sources */,
				C0A85E4826D6877500688280 /* SceneDelegate.swift in Sources */,
			);
			runOnlyForDeploymentPostprocessing = 0;
		};
		C0A85E5426D6877700688280 /* Sources */ = {
			isa = PBXSourcesBuildPhase;
			buildActionMask = 2147483647;
			files = (
				C0A85E5D26D6877700688280 /* FriendsCollectionTests.swift in Sources */,
			);
			runOnlyForDeploymentPostprocessing = 0;
		};
		C0A85E5F26D6877700688280 /* Sources */ = {
			isa = PBXSourcesBuildPhase;
			buildActionMask = 2147483647;
			files = (
				C0A85E6826D6877700688280 /* FriendsCollectionUITests.swift in Sources */,
			);
			runOnlyForDeploymentPostprocessing = 0;
		};
/* End PBXSourcesBuildPhase section */

/* Begin PBXTargetDependency section */
		C0A85E5A26D6877700688280 /* PBXTargetDependency */ = {
			isa = PBXTargetDependency;
			target = C0A85E4126D6877500688280 /* FriendsCollection */;
			targetProxy = C0A85E5926D6877700688280 /* PBXContainerItemProxy */;
		};
		C0A85E6526D6877700688280 /* PBXTargetDependency */ = {
			isa = PBXTargetDependency;
			target = C0A85E4126D6877500688280 /* FriendsCollection */;
			targetProxy = C0A85E6426D6877700688280 /* PBXContainerItemProxy */;
		};
/* End PBXTargetDependency section */

/* Begin PBXVariantGroup section */
		C0A85E4B26D6877500688280 /* Main.storyboard */ = {
			isa = PBXVariantGroup;
			children = (
				C0A85E4C26D6877500688280 /* Base */,
			);
			name = Main.storyboard;
			sourceTree = "<group>";
		};
		C0A85E5026D6877700688280 /* LaunchScreen.storyboard */ = {
			isa = PBXVariantGroup;
			children = (
				C0A85E5126D6877700688280 /* Base */,
			);
			name = LaunchScreen.storyboard;
			sourceTree = "<group>";
		};
/* End PBXVariantGroup section */

/* Begin XCBuildConfiguration section */
		C0A85E6A26D6877700688280 /* Debug */ = {
			isa = XCBuildConfiguration;
			buildSettings = {
				ALWAYS_SEARCH_USER_PATHS = NO;
				CLANG_ANALYZER_NONNULL = YES;
				CLANG_ANALYZER_NUMBER_OBJECT_CONVERSION = YES_AGGRESSIVE;
				CLANG_CXX_LANGUAGE_STANDARD = "gnu++14";
				CLANG_CXX_LIBRARY = "libc++";
				CLANG_ENABLE_MODULES = YES;
				CLANG_ENABLE_OBJC_ARC = YES;
				CLANG_ENABLE_OBJC_WEAK = YES;
				CLANG_WARN_BLOCK_CAPTURE_AUTORELEASING = YES;
				CLANG_WARN_BOOL_CONVERSION = YES;
				CLANG_WARN_COMMA = YES;
				CLANG_WARN_CONSTANT_CONVERSION = YES;
				CLANG_WARN_DEPRECATED_OBJC_IMPLEMENTATIONS = YES;
				CLANG_WARN_DIRECT_OBJC_ISA_USAGE = YES_ERROR;
				CLANG_WARN_DOCUMENTATION_COMMENTS = YES;
				CLANG_WARN_EMPTY_BODY = YES;
				CLANG_WARN_ENUM_CONVERSION = YES;
				CLANG_WARN_INFINITE_RECURSION = YES;
				CLANG_WARN_INT_CONVERSION = YES;
				CLANG_WARN_NON_LITERAL_NULL_CONVERSION = YES;
				CLANG_WARN_OBJC_IMPLICIT_RETAIN_SELF = YES;
				CLANG_WARN_OBJC_LITERAL_CONVERSION = YES;
				CLANG_WARN_OBJC_ROOT_CLASS = YES_ERROR;
				CLANG_WARN_QUOTED_INCLUDE_IN_FRAMEWORK_HEADER = YES;
				CLANG_WARN_RANGE_LOOP_ANALYSIS = YES;
				CLANG_WARN_STRICT_PROTOTYPES = YES;
				CLANG_WARN_SUSPICIOUS_MOVE = YES;
				CLANG_WARN_UNGUARDED_AVAILABILITY = YES_AGGRESSIVE;
				CLANG_WARN_UNREACHABLE_CODE = YES;
				CLANG_WARN__DUPLICATE_METHOD_MATCH = YES;
				COPY_PHASE_STRIP = NO;
				DEBUG_INFORMATION_FORMAT = dwarf;
				ENABLE_STRICT_OBJC_MSGSEND = YES;
				ENABLE_TESTABILITY = YES;
				GCC_C_LANGUAGE_STANDARD = gnu11;
				GCC_DYNAMIC_NO_PIC = NO;
				GCC_NO_COMMON_BLOCKS = YES;
				GCC_OPTIMIZATION_LEVEL = 0;
				GCC_PREPROCESSOR_DEFINITIONS = (
					"DEBUG=1",
					"$(inherited)",
				);
				GCC_WARN_64_TO_32_BIT_CONVERSION = YES;
				GCC_WARN_ABOUT_RETURN_TYPE = YES_ERROR;
				GCC_WARN_UNDECLARED_SELECTOR = YES;
				GCC_WARN_UNINITIALIZED_AUTOS = YES_AGGRESSIVE;
				GCC_WARN_UNUSED_FUNCTION = YES;
				GCC_WARN_UNUSED_VARIABLE = YES;
				IPHONEOS_DEPLOYMENT_TARGET = 14.5;
				MTL_ENABLE_DEBUG_INFO = INCLUDE_SOURCE;
				MTL_FAST_MATH = YES;
				ONLY_ACTIVE_ARCH = YES;
				SDKROOT = iphoneos;
				SWIFT_ACTIVE_COMPILATION_CONDITIONS = DEBUG;
				SWIFT_OPTIMIZATION_LEVEL = "-Onone";
			};
			name = Debug;
		};
		C0A85E6B26D6877700688280 /* Release */ = {
			isa = XCBuildConfiguration;
			buildSettings = {
				ALWAYS_SEARCH_USER_PATHS = NO;
				CLANG_ANALYZER_NONNULL = YES;
				CLANG_ANALYZER_NUMBER_OBJECT_CONVERSION = YES_AGGRESSIVE;
				CLANG_CXX_LANGUAGE_STANDARD = "gnu++14";
				CLANG_CXX_LIBRARY = "libc++";
				CLANG_ENABLE_MODULES = YES;
				CLANG_ENABLE_OBJC_ARC = YES;
				CLANG_ENABLE_OBJC_WEAK = YES;
				CLANG_WARN_BLOCK_CAPTURE_AUTORELEASING = YES;
				CLANG_WARN_BOOL_CONVERSION = YES;
				CLANG_WARN_COMMA = YES;
				CLANG_WARN_CONSTANT_CONVERSION = YES;
				CLANG_WARN_DEPRECATED_OBJC_IMPLEMENTATIONS = YES;
				CLANG_WARN_DIRECT_OBJC_ISA_USAGE = YES_ERROR;
				CLANG_WARN_DOCUMENTATION_COMMENTS = YES;
				CLANG_WARN_EMPTY_BODY = YES;
				CLANG_WARN_ENUM_CONVERSION = YES;
				CLANG_WARN_INFINITE_RECURSION = YES;
				CLANG_WARN_INT_CONVERSION = YES;
				CLANG_WARN_NON_LITERAL_NULL_CONVERSION = YES;
				CLANG_WARN_OBJC_IMPLICIT_RETAIN_SELF = YES;
				CLANG_WARN_OBJC_LITERAL_CONVERSION = YES;
				CLANG_WARN_OBJC_ROOT_CLASS = YES_ERROR;
				CLANG_WARN_QUOTED_INCLUDE_IN_FRAMEWORK_HEADER = YES;
				CLANG_WARN_RANGE_LOOP_ANALYSIS = YES;
				CLANG_WARN_STRICT_PROTOTYPES = YES;
				CLANG_WARN_SUSPICIOUS_MOVE = YES;
				CLANG_WARN_UNGUARDED_AVAILABILITY = YES_AGGRESSIVE;
				CLANG_WARN_UNREACHABLE_CODE = YES;
				CLANG_WARN__DUPLICATE_METHOD_MATCH = YES;
				COPY_PHASE_STRIP = NO;
				DEBUG_INFORMATION_FORMAT = "dwarf-with-dsym";
				ENABLE_NS_ASSERTIONS = NO;
				ENABLE_STRICT_OBJC_MSGSEND = YES;
				GCC_C_LANGUAGE_STANDARD = gnu11;
				GCC_NO_COMMON_BLOCKS = YES;
				GCC_WARN_64_TO_32_BIT_CONVERSION = YES;
				GCC_WARN_ABOUT_RETURN_TYPE = YES_ERROR;
				GCC_WARN_UNDECLARED_SELECTOR = YES;
				GCC_WARN_UNINITIALIZED_AUTOS = YES_AGGRESSIVE;
				GCC_WARN_UNUSED_FUNCTION = YES;
				GCC_WARN_UNUSED_VARIABLE = YES;
				IPHONEOS_DEPLOYMENT_TARGET = 14.5;
				MTL_ENABLE_DEBUG_INFO = NO;
				MTL_FAST_MATH = YES;
				SDKROOT = iphoneos;
				SWIFT_COMPILATION_MODE = wholemodule;
				SWIFT_OPTIMIZATION_LEVEL = "-O";
				VALIDATE_PRODUCT = YES;
			};
			name = Release;
		};
		C0A85E6D26D6877700688280 /* Debug */ = {
			isa = XCBuildConfiguration;
			buildSettings = {
				ASSETCATALOG_COMPILER_APPICON_NAME = AppIcon;
				ASSETCATALOG_COMPILER_GLOBAL_ACCENT_COLOR_NAME = AccentColor;
				CODE_SIGN_STYLE = Automatic;
				INFOPLIST_FILE = FriendsCollection/Info.plist;
				LD_RUNPATH_SEARCH_PATHS = (
					"$(inherited)",
					"@executable_path/Frameworks",
				);
				PRODUCT_BUNDLE_IDENTIFIER = siun.FriendsCollection;
				PRODUCT_NAME = "$(TARGET_NAME)";
				SWIFT_VERSION = 5.0;
				TARGETED_DEVICE_FAMILY = "1,2";
			};
			name = Debug;
		};
		C0A85E6E26D6877700688280 /* Release */ = {
			isa = XCBuildConfiguration;
			buildSettings = {
				ASSETCATALOG_COMPILER_APPICON_NAME = AppIcon;
				ASSETCATALOG_COMPILER_GLOBAL_ACCENT_COLOR_NAME = AccentColor;
				CODE_SIGN_STYLE = Automatic;
				INFOPLIST_FILE = FriendsCollection/Info.plist;
				LD_RUNPATH_SEARCH_PATHS = (
					"$(inherited)",
					"@executable_path/Frameworks",
				);
				PRODUCT_BUNDLE_IDENTIFIER = siun.FriendsCollection;
				PRODUCT_NAME = "$(TARGET_NAME)";
				SWIFT_VERSION = 5.0;
				TARGETED_DEVICE_FAMILY = "1,2";
			};
			name = Release;
		};
		C0A85E7026D6877700688280 /* Debug */ = {
			isa = XCBuildConfiguration;
			buildSettings = {
				ALWAYS_EMBED_SWIFT_STANDARD_LIBRARIES = YES;
				BUNDLE_LOADER = "$(TEST_HOST)";
				CODE_SIGN_STYLE = Automatic;
				INFOPLIST_FILE = FriendsCollectionTests/Info.plist;
				IPHONEOS_DEPLOYMENT_TARGET = 14.5;
				LD_RUNPATH_SEARCH_PATHS = (
					"$(inherited)",
					"@executable_path/Frameworks",
					"@loader_path/Frameworks",
				);
				PRODUCT_BUNDLE_IDENTIFIER = siun.FriendsCollectionTests;
				PRODUCT_NAME = "$(TARGET_NAME)";
				SWIFT_VERSION = 5.0;
				TARGETED_DEVICE_FAMILY = "1,2";
				TEST_HOST = "$(BUILT_PRODUCTS_DIR)/FriendsCollection.app/FriendsCollection";
			};
			name = Debug;
		};
		C0A85E7126D6877700688280 /* Release */ = {
			isa = XCBuildConfiguration;
			buildSettings = {
				ALWAYS_EMBED_SWIFT_STANDARD_LIBRARIES = YES;
				BUNDLE_LOADER = "$(TEST_HOST)";
				CODE_SIGN_STYLE = Automatic;
				INFOPLIST_FILE = FriendsCollectionTests/Info.plist;
				IPHONEOS_DEPLOYMENT_TARGET = 14.5;
				LD_RUNPATH_SEARCH_PATHS = (
					"$(inherited)",
					"@executable_path/Frameworks",
					"@loader_path/Frameworks",
				);
				PRODUCT_BUNDLE_IDENTIFIER = siun.FriendsCollectionTests;
				PRODUCT_NAME = "$(TARGET_NAME)";
				SWIFT_VERSION = 5.0;
				TARGETED_DEVICE_FAMILY = "1,2";
				TEST_HOST = "$(BUILT_PRODUCTS_DIR)/FriendsCollection.app/FriendsCollection";
			};
			name = Release;
		};
		C0A85E7326D6877700688280 /* Debug */ = {
			isa = XCBuildConfiguration;
			buildSettings = {
				ALWAYS_EMBED_SWIFT_STANDARD_LIBRARIES = YES;
				CODE_SIGN_STYLE = Automatic;
				INFOPLIST_FILE = FriendsCollectionUITests/Info.plist;
				LD_RUNPATH_SEARCH_PATHS = (
					"$(inherited)",
					"@executable_path/Frameworks",
					"@loader_path/Frameworks",
				);
				PRODUCT_BUNDLE_IDENTIFIER = siun.FriendsCollectionUITests;
				PRODUCT_NAME = "$(TARGET_NAME)";
				SWIFT_VERSION = 5.0;
				TARGETED_DEVICE_FAMILY = "1,2";
				TEST_TARGET_NAME = FriendsCollection;
			};
			name = Debug;
		};
		C0A85E7426D6877700688280 /* Release */ = {
			isa = XCBuildConfiguration;
			buildSettings = {
				ALWAYS_EMBED_SWIFT_STANDARD_LIBRARIES = YES;
				CODE_SIGN_STYLE = Automatic;
				INFOPLIST_FILE = FriendsCollectionUITests/Info.plist;
				LD_RUNPATH_SEARCH_PATHS = (
					"$(inherited)",
					"@executable_path/Frameworks",
					"@loader_path/Frameworks",
				);
				PRODUCT_BUNDLE_IDENTIFIER = siun.FriendsCollectionUITests;
				PRODUCT_NAME = "$(TARGET_NAME)";
				SWIFT_VERSION = 5.0;
				TARGETED_DEVICE_FAMILY = "1,2";
				TEST_TARGET_NAME = FriendsCollection;
			};
			name = Release;
		};
/* End XCBuildConfiguration section */

/* Begin XCConfigurationList section */
		C0A85E3D26D6877500688280 /* Build configuration list for PBXProject "FriendsCollection" */ = {
			isa = XCConfigurationList;
			buildConfigurations = (
				C0A85E6A26D6877700688280 /* Debug */,
				C0A85E6B26D6877700688280 /* Release */,
			);
			defaultConfigurationIsVisible = 0;
			defaultConfigurationName = Release;
		};
		C0A85E6C26D6877700688280 /* Build configuration list for PBXNativeTarget "FriendsCollection" */ = {
			isa = XCConfigurationList;
			buildConfigurations = (
				C0A85E6D26D6877700688280 /* Debug */,
				C0A85E6E26D6877700688280 /* Release */,
			);
			defaultConfigurationIsVisible = 0;
			defaultConfigurationName = Release;
		};
		C0A85E6F26D6877700688280 /* Build configuration list for PBXNativeTarget "FriendsCollectionTests" */ = {
			isa = XCConfigurationList;
			buildConfigurations = (
				C0A85E7026D6877700688280 /* Debug */,
				C0A85E7126D6877700688280 /* Release */,
			);
			defaultConfigurationIsVisible = 0;
			defaultConfigurationName = Release;
		};
		C0A85E7226D6877700688280 /* Build configuration list for PBXNativeTarget "FriendsCollectionUITests" */ = {
			isa = XCConfigurationList;
			buildConfigurations = (
				C0A85E7326D6877700688280 /* Debug */,
				C0A85E7426D6877700688280 /* Release */,
			);
			defaultConfigurationIsVisible = 0;
			defaultConfigurationName = Release;
		};
/* End XCConfigurationList section */
	};
	rootObject = C0A85E3A26D6877500688280 /* Project object */;
}
