// !$*UTF8*$!
{
	archiveVersion = 1;
	classes = {
	};
	objectVersion = 50;
	objects = {

/* Begin PBXBuildFile section */
		C08CCAF626C2513A001BE6CF /* AppDelegate.swift in Sources */ = {isa = PBXBuildFile; fileRef = C08CCAF526C2513A001BE6CF /* AppDelegate.swift */; };
		C08CCAF826C2513A001BE6CF /* SceneDelegate.swift in Sources */ = {isa = PBXBuildFile; fileRef = C08CCAF726C2513A001BE6CF /* SceneDelegate.swift */; };
		C08CCAFA26C2513A001BE6CF /* ViewController.swift in Sources */ = {isa = PBXBuildFile; fileRef = C08CCAF926C2513A001BE6CF /* ViewController.swift */; };
		C08CCAFD26C2513A001BE6CF /* Main.storyboard in Resources */ = {isa = PBXBuildFile; fileRef = C08CCAFB26C2513A001BE6CF /* Main.storyboard */; };
		C08CCAFF26C2513B001BE6CF /* Assets.xcassets in Resources */ = {isa = PBXBuildFile; fileRef = C08CCAFE26C2513B001BE6CF /* Assets.xcassets */; };
		C08CCB0226C2513B001BE6CF /* LaunchScreen.storyboard in Resources */ = {isa = PBXBuildFile; fileRef = C08CCB0026C2513B001BE6CF /* LaunchScreen.storyboard */; };
		C08CCB0D26C2513B001BE6CF /* ImagePickerTests.swift in Sources */ = {isa = PBXBuildFile; fileRef = C08CCB0C26C2513B001BE6CF /* ImagePickerTests.swift */; };
		C08CCB1826C2513B001BE6CF /* ImagePickerUITests.swift in Sources */ = {isa = PBXBuildFile; fileRef = C08CCB1726C2513B001BE6CF /* ImagePickerUITests.swift */; };
/* End PBXBuildFile section */

/* Begin PBXContainerItemProxy section */
		C08CCB0926C2513B001BE6CF /* PBXContainerItemProxy */ = {
			isa = PBXContainerItemProxy;
			containerPortal = C08CCAEA26C2513A001BE6CF /* Project object */;
			proxyType = 1;
			remoteGlobalIDString = C08CCAF126C2513A001BE6CF;
			remoteInfo = ImagePicker;
		};
		C08CCB1426C2513B001BE6CF /* PBXContainerItemProxy */ = {
			isa = PBXContainerItemProxy;
			containerPortal = C08CCAEA26C2513A001BE6CF /* Project object */;
			proxyType = 1;
			remoteGlobalIDString = C08CCAF126C2513A001BE6CF;
			remoteInfo = ImagePicker;
		};
/* End PBXContainerItemProxy section */

/* Begin PBXFileReference section */
		C08CCAF226C2513A001BE6CF /* ImagePicker.app */ = {isa = PBXFileReference; explicitFileType = wrapper.application; includeInIndex = 0; path = ImagePicker.app; sourceTree = BUILT_PRODUCTS_DIR; };
		C08CCAF526C2513A001BE6CF /* AppDelegate.swift */ = {isa = PBXFileReference; lastKnownFileType = sourcecode.swift; path = AppDelegate.swift; sourceTree = "<group>"; };
		C08CCAF726C2513A001BE6CF /* SceneDelegate.swift */ = {isa = PBXFileReference; lastKnownFileType = sourcecode.swift; path = SceneDelegate.swift; sourceTree = "<group>"; };
		C08CCAF926C2513A001BE6CF /* ViewController.swift */ = {isa = PBXFileReference; lastKnownFileType = sourcecode.swift; path = ViewController.swift; sourceTree = "<group>"; };
		C08CCAFC26C2513A001BE6CF /* Base */ = {isa = PBXFileReference; lastKnownFileType = file.storyboard; name = Base; path = Base.lproj/Main.storyboard; sourceTree = "<group>"; };
		C08CCAFE26C2513B001BE6CF /* Assets.xcassets */ = {isa = PBXFileReference; lastKnownFileType = folder.assetcatalog; path = Assets.xcassets; sourceTree = "<group>"; };
		C08CCB0126C2513B001BE6CF /* Base */ = {isa = PBXFileReference; lastKnownFileType = file.storyboard; name = Base; path = Base.lproj/LaunchScreen.storyboard; sourceTree = "<group>"; };
		C08CCB0326C2513B001BE6CF /* Info.plist */ = {isa = PBXFileReference; lastKnownFileType = text.plist.xml; path = Info.plist; sourceTree = "<group>"; };
		C08CCB0826C2513B001BE6CF /* ImagePickerTests.xctest */ = {isa = PBXFileReference; explicitFileType = wrapper.cfbundle; includeInIndex = 0; path = ImagePickerTests.xctest; sourceTree = BUILT_PRODUCTS_DIR; };
		C08CCB0C26C2513B001BE6CF /* ImagePickerTests.swift */ = {isa = PBXFileReference; lastKnownFileType = sourcecode.swift; path = ImagePickerTests.swift; sourceTree = "<group>"; };
		C08CCB0E26C2513B001BE6CF /* Info.plist */ = {isa = PBXFileReference; lastKnownFileType = text.plist.xml; path = Info.plist; sourceTree = "<group>"; };
		C08CCB1326C2513B001BE6CF /* ImagePickerUITests.xctest */ = {isa = PBXFileReference; explicitFileType = wrapper.cfbundle; includeInIndex = 0; path = ImagePickerUITests.xctest; sourceTree = BUILT_PRODUCTS_DIR; };
		C08CCB1726C2513B001BE6CF /* ImagePickerUITests.swift */ = {isa = PBXFileReference; lastKnownFileType = sourcecode.swift; path = ImagePickerUITests.swift; sourceTree = "<group>"; };
		C08CCB1926C2513B001BE6CF /* Info.plist */ = {isa = PBXFileReference; lastKnownFileType = text.plist.xml; path = Info.plist; sourceTree = "<group>"; };
/* End PBXFileReference section */

/* Begin PBXFrameworksBuildPhase section */
		C08CCAEF26C2513A001BE6CF /* Frameworks */ = {
			isa = PBXFrameworksBuildPhase;
			buildActionMask = 2147483647;
			files = (
			);
			runOnlyForDeploymentPostprocessing = 0;
		};
		C08CCB0526C2513B001BE6CF /* Frameworks */ = {
			isa = PBXFrameworksBuildPhase;
			buildActionMask = 2147483647;
			files = (
			);
			runOnlyForDeploymentPostprocessing = 0;
		};
		C08CCB1026C2513B001BE6CF /* Frameworks */ = {
			isa = PBXFrameworksBuildPhase;
			buildActionMask = 2147483647;
			files = (
			);
			runOnlyForDeploymentPostprocessing = 0;
		};
/* End PBXFrameworksBuildPhase section */

/* Begin PBXGroup section */
		C08CCAE926C2513A001BE6CF = {
			isa = PBXGroup;
			children = (
				C08CCAF426C2513A001BE6CF /* ImagePicker */,
				C08CCB0B26C2513B001BE6CF /* ImagePickerTests */,
				C08CCB1626C2513B001BE6CF /* ImagePickerUITests */,
				C08CCAF326C2513A001BE6CF /* Products */,
			);
			sourceTree = "<group>";
		};
		C08CCAF326C2513A001BE6CF /* Products */ = {
			isa = PBXGroup;
			children = (
				C08CCAF226C2513A001BE6CF /* ImagePicker.app */,
				C08CCB0826C2513B001BE6CF /* ImagePickerTests.xctest */,
				C08CCB1326C2513B001BE6CF /* ImagePickerUITests.xctest */,
			);
			name = Products;
			sourceTree = "<group>";
		};
		C08CCAF426C2513A001BE6CF /* ImagePicker */ = {
			isa = PBXGroup;
			children = (
				C08CCAF526C2513A001BE6CF /* AppDelegate.swift */,
				C08CCAF726C2513A001BE6CF /* SceneDelegate.swift */,
				C08CCAF926C2513A001BE6CF /* ViewController.swift */,
				C08CCAFB26C2513A001BE6CF /* Main.storyboard */,
				C08CCAFE26C2513B001BE6CF /* Assets.xcassets */,
				C08CCB0026C2513B001BE6CF /* LaunchScreen.storyboard */,
				C08CCB0326C2513B001BE6CF /* Info.plist */,
			);
			path = ImagePicker;
			sourceTree = "<group>";
		};
		C08CCB0B26C2513B001BE6CF /* ImagePickerTests */ = {
			isa = PBXGroup;
			children = (
				C08CCB0C26C2513B001BE6CF /* ImagePickerTests.swift */,
				C08CCB0E26C2513B001BE6CF /* Info.plist */,
			);
			path = ImagePickerTests;
			sourceTree = "<group>";
		};
		C08CCB1626C2513B001BE6CF /* ImagePickerUITests */ = {
			isa = PBXGroup;
			children = (
				C08CCB1726C2513B001BE6CF /* ImagePickerUITests.swift */,
				C08CCB1926C2513B001BE6CF /* Info.plist */,
			);
			path = ImagePickerUITests;
			sourceTree = "<group>";
		};
/* End PBXGroup section */

/* Begin PBXNativeTarget section */
		C08CCAF126C2513A001BE6CF /* ImagePicker */ = {
			isa = PBXNativeTarget;
			buildConfigurationList = C08CCB1C26C2513B001BE6CF /* Build configuration list for PBXNativeTarget "ImagePicker" */;
			buildPhases = (
				C08CCAEE26C2513A001BE6CF /* Sources */,
				C08CCAEF26C2513A001BE6CF /* Frameworks */,
				C08CCAF026C2513A001BE6CF /* Resources */,
			);
			buildRules = (
			);
			dependencies = (
			);
			name = ImagePicker;
			productName = ImagePicker;
			productReference = C08CCAF226C2513A001BE6CF /* ImagePicker.app */;
			productType = "com.apple.product-type.application";
		};
		C08CCB0726C2513B001BE6CF /* ImagePickerTests */ = {
			isa = PBXNativeTarget;
			buildConfigurationList = C08CCB1F26C2513B001BE6CF /* Build configuration list for PBXNativeTarget "ImagePickerTests" */;
			buildPhases = (
				C08CCB0426C2513B001BE6CF /* Sources */,
				C08CCB0526C2513B001BE6CF /* Frameworks */,
				C08CCB0626C2513B001BE6CF /* Resources */,
			);
			buildRules = (
			);
			dependencies = (
				C08CCB0A26C2513B001BE6CF /* PBXTargetDependency */,
			);
			name = ImagePickerTests;
			productName = ImagePickerTests;
			productReference = C08CCB0826C2513B001BE6CF /* ImagePickerTests.xctest */;
			productType = "com.apple.product-type.bundle.unit-test";
		};
		C08CCB1226C2513B001BE6CF /* ImagePickerUITests */ = {
			isa = PBXNativeTarget;
			buildConfigurationList = C08CCB2226C2513B001BE6CF /* Build configuration list for PBXNativeTarget "ImagePickerUITests" */;
			buildPhases = (
				C08CCB0F26C2513B001BE6CF /* Sources */,
				C08CCB1026C2513B001BE6CF /* Frameworks */,
				C08CCB1126C2513B001BE6CF /* Resources */,
			);
			buildRules = (
			);
			dependencies = (
				C08CCB1526C2513B001BE6CF /* PBXTargetDependency */,
			);
			name = ImagePickerUITests;
			productName = ImagePickerUITests;
			productReference = C08CCB1326C2513B001BE6CF /* ImagePickerUITests.xctest */;
			productType = "com.apple.product-type.bundle.ui-testing";
		};
/* End PBXNativeTarget section */

/* Begin PBXProject section */
		C08CCAEA26C2513A001BE6CF /* Project object */ = {
			isa = PBXProject;
			attributes = {
				LastSwiftUpdateCheck = 1250;
				LastUpgradeCheck = 1250;
				TargetAttributes = {
					C08CCAF126C2513A001BE6CF = {
						CreatedOnToolsVersion = 12.5.1;
					};
					C08CCB0726C2513B001BE6CF = {
						CreatedOnToolsVersion = 12.5.1;
						TestTargetID = C08CCAF126C2513A001BE6CF;
					};
					C08CCB1226C2513B001BE6CF = {
						CreatedOnToolsVersion = 12.5.1;
						TestTargetID = C08CCAF126C2513A001BE6CF;
					};
				};
			};
			buildConfigurationList = C08CCAED26C2513A001BE6CF /* Build configuration list for PBXProject "ImagePicker" */;
			compatibilityVersion = "Xcode 9.3";
			developmentRegion = en;
			hasScannedForEncodings = 0;
			knownRegions = (
				en,
				Base,
			);
			mainGroup = C08CCAE926C2513A001BE6CF;
			productRefGroup = C08CCAF326C2513A001BE6CF /* Products */;
			projectDirPath = "";
			projectRoot = "";
			targets = (
				C08CCAF126C2513A001BE6CF /* ImagePicker */,
				C08CCB0726C2513B001BE6CF /* ImagePickerTests */,
				C08CCB1226C2513B001BE6CF /* ImagePickerUITests */,
			);
		};
/* End PBXProject section */

/* Begin PBXResourcesBuildPhase section */
		C08CCAF026C2513A001BE6CF /* Resources */ = {
			isa = PBXResourcesBuildPhase;
			buildActionMask = 2147483647;
			files = (
				C08CCB0226C2513B001BE6CF /* LaunchScreen.storyboard in Resources */,
				C08CCAFF26C2513B001BE6CF /* Assets.xcassets in Resources */,
				C08CCAFD26C2513A001BE6CF /* Main.storyboard in Resources */,
			);
			runOnlyForDeploymentPostprocessing = 0;
		};
		C08CCB0626C2513B001BE6CF /* Resources */ = {
			isa = PBXResourcesBuildPhase;
			buildActionMask = 2147483647;
			files = (
			);
			runOnlyForDeploymentPostprocessing = 0;
		};
		C08CCB1126C2513B001BE6CF /* Resources */ = {
			isa = PBXResourcesBuildPhase;
			buildActionMask = 2147483647;
			files = (
			);
			runOnlyForDeploymentPostprocessing = 0;
		};
/* End PBXResourcesBuildPhase section */

/* Begin PBXSourcesBuildPhase section */
		C08CCAEE26C2513A001BE6CF /* Sources */ = {
			isa = PBXSourcesBuildPhase;
			buildActionMask = 2147483647;
			files = (
				C08CCAFA26C2513A001BE6CF /* ViewController.swift in Sources */,
				C08CCAF626C2513A001BE6CF /* AppDelegate.swift in Sources */,
				C08CCAF826C2513A001BE6CF /* SceneDelegate.swift in Sources */,
			);
			runOnlyForDeploymentPostprocessing = 0;
		};
		C08CCB0426C2513B001BE6CF /* Sources */ = {
			isa = PBXSourcesBuildPhase;
			buildActionMask = 2147483647;
			files = (
				C08CCB0D26C2513B001BE6CF /* ImagePickerTests.swift in Sources */,
			);
			runOnlyForDeploymentPostprocessing = 0;
		};
		C08CCB0F26C2513B001BE6CF /* Sources */ = {
			isa = PBXSourcesBuildPhase;
			buildActionMask = 2147483647;
			files = (
				C08CCB1826C2513B001BE6CF /* ImagePickerUITests.swift in Sources */,
			);
			runOnlyForDeploymentPostprocessing = 0;
		};
/* End PBXSourcesBuildPhase section */

/* Begin PBXTargetDependency section */
		C08CCB0A26C2513B001BE6CF /* PBXTargetDependency */ = {
			isa = PBXTargetDependency;
			target = C08CCAF126C2513A001BE6CF /* ImagePicker */;
			targetProxy = C08CCB0926C2513B001BE6CF /* PBXContainerItemProxy */;
		};
		C08CCB1526C2513B001BE6CF /* PBXTargetDependency */ = {
			isa = PBXTargetDependency;
			target = C08CCAF126C2513A001BE6CF /* ImagePicker */;
			targetProxy = C08CCB1426C2513B001BE6CF /* PBXContainerItemProxy */;
		};
/* End PBXTargetDependency section */

/* Begin PBXVariantGroup section */
		C08CCAFB26C2513A001BE6CF /* Main.storyboard */ = {
			isa = PBXVariantGroup;
			children = (
				C08CCAFC26C2513A001BE6CF /* Base */,
			);
			name = Main.storyboard;
			sourceTree = "<group>";
		};
		C08CCB0026C2513B001BE6CF /* LaunchScreen.storyboard */ = {
			isa = PBXVariantGroup;
			children = (
				C08CCB0126C2513B001BE6CF /* Base */,
			);
			name = LaunchScreen.storyboard;
			sourceTree = "<group>";
		};
/* End PBXVariantGroup section */

/* Begin XCBuildConfiguration section */
		C08CCB1A26C2513B001BE6CF /* Debug */ = {
			isa = XCBuildConfiguration;
			buildSettings = {
				ALWAYS_SEARCH_USER_PATHS = NO;
				CLANG_ANALYZER_NONNULL = YES;
				CLANG_ANALYZER_NUMBER_OBJECT_CONVERSION = YES_AGGRESSIVE;
				CLANG_CXX_LANGUAGE_STANDARD = "gnu++14";
				CLANG_CXX_LIBRARY = "libc++";
				CLANG_ENABLE_MODULES = YES;
				CLANG_ENABLE_OBJC_ARC = YES;
				CLANG_ENABLE_OBJC_WEAK = YES;
				CLANG_WARN_BLOCK_CAPTURE_AUTORELEASING = YES;
				CLANG_WARN_BOOL_CONVERSION = YES;
				CLANG_WARN_COMMA = YES;
				CLANG_WARN_CONSTANT_CONVERSION = YES;
				CLANG_WARN_DEPRECATED_OBJC_IMPLEMENTATIONS = YES;
				CLANG_WARN_DIRECT_OBJC_ISA_USAGE = YES_ERROR;
				CLANG_WARN_DOCUMENTATION_COMMENTS = YES;
				CLANG_WARN_EMPTY_BODY = YES;
				CLANG_WARN_ENUM_CONVERSION = YES;
				CLANG_WARN_INFINITE_RECURSION = YES;
				CLANG_WARN_INT_CONVERSION = YES;
				CLANG_WARN_NON_LITERAL_NULL_CONVERSION = YES;
				CLANG_WARN_OBJC_IMPLICIT_RETAIN_SELF = YES;
				CLANG_WARN_OBJC_LITERAL_CONVERSION = YES;
				CLANG_WARN_OBJC_ROOT_CLASS = YES_ERROR;
				CLANG_WARN_QUOTED_INCLUDE_IN_FRAMEWORK_HEADER = YES;
				CLANG_WARN_RANGE_LOOP_ANALYSIS = YES;
				CLANG_WARN_STRICT_PROTOTYPES = YES;
				CLANG_WARN_SUSPICIOUS_MOVE = YES;
				CLANG_WARN_UNGUARDED_AVAILABILITY = YES_AGGRESSIVE;
				CLANG_WARN_UNREACHABLE_CODE = YES;
				CLANG_WARN__DUPLICATE_METHOD_MATCH = YES;
				COPY_PHASE_STRIP = NO;
				DEBUG_INFORMATION_FORMAT = dwarf;
				ENABLE_STRICT_OBJC_MSGSEND = YES;
				ENABLE_TESTABILITY = YES;
				GCC_C_LANGUAGE_STANDARD = gnu11;
				GCC_DYNAMIC_NO_PIC = NO;
				GCC_NO_COMMON_BLOCKS = YES;
				GCC_OPTIMIZATION_LEVEL = 0;
				GCC_PREPROCESSOR_DEFINITIONS = (
					"DEBUG=1",
					"$(inherited)",
				);
				GCC_WARN_64_TO_32_BIT_CONVERSION = YES;
				GCC_WARN_ABOUT_RETURN_TYPE = YES_ERROR;
				GCC_WARN_UNDECLARED_SELECTOR = YES;
				GCC_WARN_UNINITIALIZED_AUTOS = YES_AGGRESSIVE;
				GCC_WARN_UNUSED_FUNCTION = YES;
				GCC_WARN_UNUSED_VARIABLE = YES;
				IPHONEOS_DEPLOYMENT_TARGET = 14.5;
				MTL_ENABLE_DEBUG_INFO = INCLUDE_SOURCE;
				MTL_FAST_MATH = YES;
				ONLY_ACTIVE_ARCH = YES;
				SDKROOT = iphoneos;
				SWIFT_ACTIVE_COMPILATION_CONDITIONS = DEBUG;
				SWIFT_OPTIMIZATION_LEVEL = "-Onone";
			};
			name = Debug;
		};
		C08CCB1B26C2513B001BE6CF /* Release */ = {
			isa = XCBuildConfiguration;
			buildSettings = {
				ALWAYS_SEARCH_USER_PATHS = NO;
				CLANG_ANALYZER_NONNULL = YES;
				CLANG_ANALYZER_NUMBER_OBJECT_CONVERSION = YES_AGGRESSIVE;
				CLANG_CXX_LANGUAGE_STANDARD = "gnu++14";
				CLANG_CXX_LIBRARY = "libc++";
				CLANG_ENABLE_MODULES = YES;
				CLANG_ENABLE_OBJC_ARC = YES;
				CLANG_ENABLE_OBJC_WEAK = YES;
				CLANG_WARN_BLOCK_CAPTURE_AUTORELEASING = YES;
				CLANG_WARN_BOOL_CONVERSION = YES;
				CLANG_WARN_COMMA = YES;
				CLANG_WARN_CONSTANT_CONVERSION = YES;
				CLANG_WARN_DEPRECATED_OBJC_IMPLEMENTATIONS = YES;
				CLANG_WARN_DIRECT_OBJC_ISA_USAGE = YES_ERROR;
				CLANG_WARN_DOCUMENTATION_COMMENTS = YES;
				CLANG_WARN_EMPTY_BODY = YES;
				CLANG_WARN_ENUM_CONVERSION = YES;
				CLANG_WARN_INFINITE_RECURSION = YES;
				CLANG_WARN_INT_CONVERSION = YES;
				CLANG_WARN_NON_LITERAL_NULL_CONVERSION = YES;
				CLANG_WARN_OBJC_IMPLICIT_RETAIN_SELF = YES;
				CLANG_WARN_OBJC_LITERAL_CONVERSION = YES;
				CLANG_WARN_OBJC_ROOT_CLASS = YES_ERROR;
				CLANG_WARN_QUOTED_INCLUDE_IN_FRAMEWORK_HEADER = YES;
				CLANG_WARN_RANGE_LOOP_ANALYSIS = YES;
				CLANG_WARN_STRICT_PROTOTYPES = YES;
				CLANG_WARN_SUSPICIOUS_MOVE = YES;
				CLANG_WARN_UNGUARDED_AVAILABILITY = YES_AGGRESSIVE;
				CLANG_WARN_UNREACHABLE_CODE = YES;
				CLANG_WARN__DUPLICATE_METHOD_MATCH = YES;
				COPY_PHASE_STRIP = NO;
				DEBUG_INFORMATION_FORMAT = "dwarf-with-dsym";
				ENABLE_NS_ASSERTIONS = NO;
				ENABLE_STRICT_OBJC_MSGSEND = YES;
				GCC_C_LANGUAGE_STANDARD = gnu11;
				GCC_NO_COMMON_BLOCKS = YES;
				GCC_WARN_64_TO_32_BIT_CONVERSION = YES;
				GCC_WARN_ABOUT_RETURN_TYPE = YES_ERROR;
				GCC_WARN_UNDECLARED_SELECTOR = YES;
				GCC_WARN_UNINITIALIZED_AUTOS = YES_AGGRESSIVE;
				GCC_WARN_UNUSED_FUNCTION = YES;
				GCC_WARN_UNUSED_VARIABLE = YES;
				IPHONEOS_DEPLOYMENT_TARGET = 14.5;
				MTL_ENABLE_DEBUG_INFO = NO;
				MTL_FAST_MATH = YES;
				SDKROOT = iphoneos;
				SWIFT_COMPILATION_MODE = wholemodule;
				SWIFT_OPTIMIZATION_LEVEL = "-O";
				VALIDATE_PRODUCT = YES;
			};
			name = Release;
		};
		C08CCB1D26C2513B001BE6CF /* Debug */ = {
			isa = XCBuildConfiguration;
			buildSettings = {
				ASSETCATALOG_COMPILER_APPICON_NAME = AppIcon;
				ASSETCATALOG_COMPILER_GLOBAL_ACCENT_COLOR_NAME = AccentColor;
				CODE_SIGN_STYLE = Automatic;
				INFOPLIST_FILE = ImagePicker/Info.plist;
				LD_RUNPATH_SEARCH_PATHS = (
					"$(inherited)",
					"@executable_path/Frameworks",
				);
				PRODUCT_BUNDLE_IDENTIFIER = siun.ImagePicker;
				PRODUCT_NAME = "$(TARGET_NAME)";
				SWIFT_VERSION = 5.0;
				TARGETED_DEVICE_FAMILY = "1,2";
			};
			name = Debug;
		};
		C08CCB1E26C2513B001BE6CF /* Release */ = {
			isa = XCBuildConfiguration;
			buildSettings = {
				ASSETCATALOG_COMPILER_APPICON_NAME = AppIcon;
				ASSETCATALOG_COMPILER_GLOBAL_ACCENT_COLOR_NAME = AccentColor;
				CODE_SIGN_STYLE = Automatic;
				INFOPLIST_FILE = ImagePicker/Info.plist;
				LD_RUNPATH_SEARCH_PATHS = (
					"$(inherited)",
					"@executable_path/Frameworks",
				);
				PRODUCT_BUNDLE_IDENTIFIER = siun.ImagePicker;
				PRODUCT_NAME = "$(TARGET_NAME)";
				SWIFT_VERSION = 5.0;
				TARGETED_DEVICE_FAMILY = "1,2";
			};
			name = Release;
		};
		C08CCB2026C2513B001BE6CF /* Debug */ = {
			isa = XCBuildConfiguration;
			buildSettings = {
				ALWAYS_EMBED_SWIFT_STANDARD_LIBRARIES = YES;
				BUNDLE_LOADER = "$(TEST_HOST)";
				CODE_SIGN_STYLE = Automatic;
				INFOPLIST_FILE = ImagePickerTests/Info.plist;
				IPHONEOS_DEPLOYMENT_TARGET = 14.5;
				LD_RUNPATH_SEARCH_PATHS = (
					"$(inherited)",
					"@executable_path/Frameworks",
					"@loader_path/Frameworks",
				);
				PRODUCT_BUNDLE_IDENTIFIER = siun.ImagePickerTests;
				PRODUCT_NAME = "$(TARGET_NAME)";
				SWIFT_VERSION = 5.0;
				TARGETED_DEVICE_FAMILY = "1,2";
				TEST_HOST = "$(BUILT_PRODUCTS_DIR)/ImagePicker.app/ImagePicker";
			};
			name = Debug;
		};
		C08CCB2126C2513B001BE6CF /* Release */ = {
			isa = XCBuildConfiguration;
			buildSettings = {
				ALWAYS_EMBED_SWIFT_STANDARD_LIBRARIES = YES;
				BUNDLE_LOADER = "$(TEST_HOST)";
				CODE_SIGN_STYLE = Automatic;
				INFOPLIST_FILE = ImagePickerTests/Info.plist;
				IPHONEOS_DEPLOYMENT_TARGET = 14.5;
				LD_RUNPATH_SEARCH_PATHS = (
					"$(inherited)",
					"@executable_path/Frameworks",
					"@loader_path/Frameworks",
				);
				PRODUCT_BUNDLE_IDENTIFIER = siun.ImagePickerTests;
				PRODUCT_NAME = "$(TARGET_NAME)";
				SWIFT_VERSION = 5.0;
				TARGETED_DEVICE_FAMILY = "1,2";
				TEST_HOST = "$(BUILT_PRODUCTS_DIR)/ImagePicker.app/ImagePicker";
			};
			name = Release;
		};
		C08CCB2326C2513B001BE6CF /* Debug */ = {
			isa = XCBuildConfiguration;
			buildSettings = {
				ALWAYS_EMBED_SWIFT_STANDARD_LIBRARIES = YES;
				CODE_SIGN_STYLE = Automatic;
				INFOPLIST_FILE = ImagePickerUITests/Info.plist;
				LD_RUNPATH_SEARCH_PATHS = (
					"$(inherited)",
					"@executable_path/Frameworks",
					"@loader_path/Frameworks",
				);
				PRODUCT_BUNDLE_IDENTIFIER = siun.ImagePickerUITests;
				PRODUCT_NAME = "$(TARGET_NAME)";
				SWIFT_VERSION = 5.0;
				TARGETED_DEVICE_FAMILY = "1,2";
				TEST_TARGET_NAME = ImagePicker;
			};
			name = Debug;
		};
		C08CCB2426C2513B001BE6CF /* Release */ = {
			isa = XCBuildConfiguration;
			buildSettings = {
				ALWAYS_EMBED_SWIFT_STANDARD_LIBRARIES = YES;
				CODE_SIGN_STYLE = Automatic;
				INFOPLIST_FILE = ImagePickerUITests/Info.plist;
				LD_RUNPATH_SEARCH_PATHS = (
					"$(inherited)",
					"@executable_path/Frameworks",
					"@loader_path/Frameworks",
				);
				PRODUCT_BUNDLE_IDENTIFIER = siun.ImagePickerUITests;
				PRODUCT_NAME = "$(TARGET_NAME)";
				SWIFT_VERSION = 5.0;
				TARGETED_DEVICE_FAMILY = "1,2";
				TEST_TARGET_NAME = ImagePicker;
			};
			name = Release;
		};
/* End XCBuildConfiguration section */

/* Begin XCConfigurationList section */
		C08CCAED26C2513A001BE6CF /* Build configuration list for PBXProject "ImagePicker" */ = {
			isa = XCConfigurationList;
			buildConfigurations = (
				C08CCB1A26C2513B001BE6CF /* Debug */,
				C08CCB1B26C2513B001BE6CF /* Release */,
			);
			defaultConfigurationIsVisible = 0;
			defaultConfigurationName = Release;
		};
		C08CCB1C26C2513B001BE6CF /* Build configuration list for PBXNativeTarget "ImagePicker" */ = {
			isa = XCConfigurationList;
			buildConfigurations = (
				C08CCB1D26C2513B001BE6CF /* Debug */,
				C08CCB1E26C2513B001BE6CF /* Release */,
			);
			defaultConfigurationIsVisible = 0;
			defaultConfigurationName = Release;
		};
		C08CCB1F26C2513B001BE6CF /* Build configuration list for PBXNativeTarget "ImagePickerTests" */ = {
			isa = XCConfigurationList;
			buildConfigurations = (
				C08CCB2026C2513B001BE6CF /* Debug */,
				C08CCB2126C2513B001BE6CF /* Release */,
			);
			defaultConfigurationIsVisible = 0;
			defaultConfigurationName = Release;
		};
		C08CCB2226C2513B001BE6CF /* Build configuration list for PBXNativeTarget "ImagePickerUITests" */ = {
			isa = XCConfigurationList;
			buildConfigurations = (
				C08CCB2326C2513B001BE6CF /* Debug */,
				C08CCB2426C2513B001BE6CF /* Release */,
			);
			defaultConfigurationIsVisible = 0;
			defaultConfigurationName = Release;
		};
/* End XCConfigurationList section */
	};
	rootObject = C08CCAEA26C2513A001BE6CF /* Project object */;
}
